# This is a Gradle generated file for dependency locking.
# Manual edits can break the build and are not advised.
# This file is expected to be part of source control.
com.google.errorprone:error_prone_annotations:2.47.0=spotless865458226
com.google.googlejavaformat:google-java-format:1.18.1=spotless865458226
com.google.guava:failureaccess:1.0.3=spotless865458226
com.google.guava:guava:33.6.0-jre=spotless865458226
com.google.guava:listenablefuture:9999.0-empty-to-avoid-conflict-with-guava=spotless865458226
com.google.j2objc:j2objc-annotations:3.1=spotless865458226
jakarta.annotation:jakarta.annotation-api:3.0.0=compileClasspath,runtimeClasspath,testCompileClasspath,testRuntimeClasspath
org.jspecify:jspecify:1.0.0=spotless865458226
empty=annotationProcessor,testAnnotationProcessor
