# This file is generated by running "yarn install" inside your project.
# Manual changes might be lost - proceed with caution!

__metadata:
  version: 10
  cacheKey: 10c0

"@colors/colors@npm:1.6.0, @colors/colors@npm:^1.6.0":
  version: 1.6.0
  resolution: "@colors/colors@npm:1.6.0"
  checksum: 10c0/9328a0778a5b0db243af54455b79a69e3fb21122d6c15ef9e9fcc94881d8d17352d8b2b2590f9bdd46fac5c2d6c1636dcfc14358a20c70e22daf89e1a759b629
  languageName: node
  linkType: hard

"@dabh/diagnostics@npm:^2.0.8":
  version: 2.0.8
  resolution: "@dabh/diagnostics@npm:2.0.8"
  dependencies:
    "@so-ric/colorspace": "npm:^1.1.6"
    enabled: "npm:2.0.x"
    kuler: "npm:^2.0.0"
  checksum: 10c0/64701c272f7de02800039fea99796507670fe5f67d4eb7718599351ec156936efd123fcab7ee18f9d7874939caaacc08e7c7a6bb05ff8cda6d930ad041cc555c
  languageName: node
  linkType: hard

"@datahub/playwright-e2e-tests@workspace:.":
  version: 0.0.0-use.local
  resolution: "@datahub/playwright-e2e-tests@workspace:."
  dependencies:
    "@playwright/test": "npm:^1.40.0"
    "@types/node": "npm:^20.19.37"
    eslint: "npm:^10"
    eslint-plugin-playwright: "npm:^1"
    prettier: "npm:^3"
    typescript: "npm:^5.3.0"
    typescript-eslint: "npm:^8"
    winston: "npm:^3.19.0"
  languageName: unknown
  linkType: soft

"@eslint-community/eslint-utils@npm:^4.8.0, @eslint-community/eslint-utils@npm:^4.9.1":
  version: 4.9.1
  resolution: "@eslint-community/eslint-utils@npm:4.9.1"
  dependencies:
    eslint-visitor-keys: "npm:^3.4.3"
  peerDependencies:
    eslint: ^6.0.0 || ^7.0.0 || >=8.0.0
  checksum: 10c0/dc4ab5e3e364ef27e33666b11f4b86e1a6c1d7cbf16f0c6ff87b1619b3562335e9201a3d6ce806221887ff780ec9d828962a290bb910759fd40a674686503f02
  languageName: node
  linkType: hard

"@eslint-community/regexpp@npm:^4.12.2":
  version: 4.12.2
  resolution: "@eslint-community/regexpp@npm:4.12.2"
  checksum: 10c0/fddcbc66851b308478d04e302a4d771d6917a0b3740dc351513c0da9ca2eab8a1adf99f5e0aa7ab8b13fa0df005c81adeee7e63a92f3effd7d367a163b721c2d
  languageName: node
  linkType: hard

"@eslint/config-array@npm:^0.23.5":
  version: 0.23.5
  resolution: "@eslint/config-array@npm:0.23.5"
  dependencies:
    "@eslint/object-schema": "npm:^3.0.5"
    debug: "npm:^4.3.1"
    minimatch: "npm:^10.2.4"
  checksum: 10c0/b24833c4c76e78ee075d306cd3f095db46b2db0f90cc13a6ee6e4275f9889731c05bf5403ab5fefb79c756e07ac9184ed0e04570341382f9eccbccc80e6d1a0c
  languageName: node
  linkType: hard

"@eslint/config-helpers@npm:^0.6.0":
  version: 0.6.0
  resolution: "@eslint/config-helpers@npm:0.6.0"
  dependencies:
    "@eslint/core": "npm:^1.2.1"
  checksum: 10c0/f9af20e8b60b0ba27edb74b8eb40c0c5d51a9bf9baf9e053bb57833a87cb0a1c49b4dfaad88fc24d49c907ad1324c8a0b668684fa9c321351dac4bc9155ec10a
  languageName: node
  linkType: hard

"@eslint/core@npm:^1.2.1":
  version: 1.2.1
  resolution: "@eslint/core@npm:1.2.1"
  dependencies:
    "@types/json-schema": "npm:^7.0.15"
  checksum: 10c0/10979b40588ecfef771fcb5013a542a35fb30692cc95a65f3481b0b36fbd89f5679efeb30d57f4eed35203d859aabace2a620177d6c536f71b299a1af2f3398f
  languageName: node
  linkType: hard

"@eslint/object-schema@npm:^3.0.5":
  version: 3.0.5
  resolution: "@eslint/object-schema@npm:3.0.5"
  checksum: 10c0/1db337431f520b99e9edda64ef5fafd7ec6a029843eeb608753025125b6649d861d843cffafafd3c4e37926d7d5f9ec0c6a8e3665c13c3da2144e8132892e92e
  languageName: node
  linkType: hard

"@eslint/plugin-kit@npm:^0.7.2":
  version: 0.7.2
  resolution: "@eslint/plugin-kit@npm:0.7.2"
  dependencies:
    "@eslint/core": "npm:^1.2.1"
    levn: "npm:^0.4.1"
  checksum: 10c0/aafba08077bcd6d7dde6c2e21db18086046a88f914f29971a84cac9ad2d48952ded1b293e665e523805297eff756522dafa16f0062195e2c7143dcd1d47d11ed
  languageName: node
  linkType: hard

"@humanfs/core@npm:^0.19.2":
  version: 0.19.2
  resolution: "@humanfs/core@npm:0.19.2"
  dependencies:
    "@humanfs/types": "npm:^0.15.0"
  checksum: 10c0/d0a1d52d7b30c27d49475a53072d1510b81c5803e44b342fb8faf3887f1aa27593a1e6dc76a45268e7892d3f4e198146659281f6b6d55eacf3fd5a38bac30c5c
  languageName: node
  linkType: hard

"@humanfs/node@npm:^0.16.6":
  version: 0.16.8
  resolution: "@humanfs/node@npm:0.16.8"
  dependencies:
    "@humanfs/core": "npm:^0.19.2"
    "@humanfs/types": "npm:^0.15.0"
    "@humanwhocodes/retry": "npm:^0.4.0"
  checksum: 10c0/56140579db811af4e160b195d45d0f29acf644d192c93fe24c9e594ebf06f19dfc157494a07c84540b8a071c0e4b37209c2362765d31734f4d0be869c2422e25
  languageName: node
  linkType: hard

"@humanfs/types@npm:^0.15.0":
  version: 0.15.0
  resolution: "@humanfs/types@npm:0.15.0"
  checksum: 10c0/fc26b9a024b0e55f7eaf64036df94345bf5d36d6a41ef80ef38e78f1f7430ce26cf435af736adae58913baae18eac3f38c18739054a3d379102015978eae862e
  languageName: node
  linkType: hard

"@humanwhocodes/module-importer@npm:^1.0.1":
  version: 1.0.1
  resolution: "@humanwhocodes/module-importer@npm:1.0.1"
  checksum: 10c0/909b69c3b86d482c26b3359db16e46a32e0fb30bd306a3c176b8313b9e7313dba0f37f519de6aa8b0a1921349e505f259d19475e123182416a506d7f87e7f529
  languageName: node
  linkType: hard

"@humanwhocodes/retry@npm:^0.4.0, @humanwhocodes/retry@npm:^0.4.2":
  version: 0.4.3
  resolution: "@humanwhocodes/retry@npm:0.4.3"
  checksum: 10c0/3775bb30087d4440b3f7406d5a057777d90e4b9f435af488a4923ef249e93615fb78565a85f173a186a076c7706a81d0d57d563a2624e4de2c5c9c66c486ce42
  languageName: node
  linkType: hard

"@isaacs/fs-minipass@npm:^4.0.0":
  version: 4.0.1
  resolution: "@isaacs/fs-minipass@npm:4.0.1"
  dependencies:
    minipass: "npm:^7.0.4"
  checksum: 10c0/c25b6dc1598790d5b55c0947a9b7d111cfa92594db5296c3b907e2f533c033666f692a3939eadac17b1c7c40d362d0b0635dc874cbfe3e70db7c2b07cc97a5d2
  languageName: node
  linkType: hard

"@playwright/test@npm:^1.40.0":
  version: 1.61.0
  resolution: "@playwright/test@npm:1.61.0"
  dependencies:
    playwright: "npm:1.61.0"
  bin:
    playwright: cli.js
  checksum: 10c0/993f5e30878f50c92c058f7a37f15bca456b794f2818a8c0b75bf09bc947657d56fee836ff4ebee83a869a3471663f0d61ca4eaaae31dd1bcf8bf4342344be35
  languageName: node
  linkType: hard

"@so-ric/colorspace@npm:^1.1.6":
  version: 1.1.6
  resolution: "@so-ric/colorspace@npm:1.1.6"
  dependencies:
    color: "npm:^5.0.2"
    text-hex: "npm:1.0.x"
  checksum: 10c0/f3ad26afefbb8d6101ea7c385cd5f402d4291c2ffc9cabe37030d5fdb8bda980ee534a0d7c250f8233fc3a59b99272410177cd98b219f6b3770f91a0fdb6eb3e
  languageName: node
  linkType: hard

"@types/esrecurse@npm:^4.3.1":
  version: 4.3.1
  resolution: "@types/esrecurse@npm:4.3.1"
  checksum: 10c0/90dad74d5da3ad27606d8e8e757322f33171cfeaa15ad558b615cf71bb2a516492d18f55f4816384685a3eb2412142e732bbae9a4a7cd2cf3deb7572aa4ebe03
  languageName: node
  linkType: hard

"@types/estree@npm:^1.0.6, @types/estree@npm:^1.0.8":
  version: 1.0.9
  resolution: "@types/estree@npm:1.0.9"
  checksum: 10c0/3ad3286ca2988cd550dafb8f2ad599c8474868e954fa601a36655bdfefd8039f7c714b8c1c7f2ae219ffbd58bd4660e66fa7479a0120fc02d4777057d4865387
  languageName: node
  linkType: hard

"@types/json-schema@npm:^7.0.15":
  version: 7.0.15
  resolution: "@types/json-schema@npm:7.0.15"
  checksum: 10c0/a996a745e6c5d60292f36731dd41341339d4eeed8180bb09226e5c8d23759067692b1d88e5d91d72ee83dfc00d3aca8e7bd43ea120516c17922cbcb7c3e252db
  languageName: node
  linkType: hard

"@types/node@npm:^20.19.37":
  version: 20.19.43
  resolution: "@types/node@npm:20.19.43"
  dependencies:
    undici-types: "npm:~6.21.0"
  checksum: 10c0/9bcec3b5295bdd77ff0b44a528a69f7e22028c347507ba2c69be47ec84e30299f45043b222e9c86c510e138c9c53b2419dd5cd34920602a4a5a381c288075318
  languageName: node
  linkType: hard

"@types/triple-beam@npm:^1.3.2":
  version: 1.3.5
  resolution: "@types/triple-beam@npm:1.3.5"
  checksum: 10c0/d5d7f25da612f6d79266f4f1bb9c1ef8f1684e9f60abab251e1261170631062b656ba26ff22631f2760caeafd372abc41e64867cde27fba54fafb73a35b9056a
  languageName: node
  linkType: hard

"@typescript-eslint/eslint-plugin@npm:8.62.0":
  version: 8.62.0
  resolution: "@typescript-eslint/eslint-plugin@npm:8.62.0"
  dependencies:
    "@eslint-community/regexpp": "npm:^4.12.2"
    "@typescript-eslint/scope-manager": "npm:8.62.0"
    "@typescript-eslint/type-utils": "npm:8.62.0"
    "@typescript-eslint/utils": "npm:8.62.0"
    "@typescript-eslint/visitor-keys": "npm:8.62.0"
    ignore: "npm:^7.0.5"
    natural-compare: "npm:^1.4.0"
    ts-api-utils: "npm:^2.5.0"
  peerDependencies:
    "@typescript-eslint/parser": ^8.62.0
    eslint: ^8.57.0 || ^9.0.0 || ^10.0.0
    typescript: ">=4.8.4 <6.1.0"
  checksum: 10c0/2f257bb53a3b9b8b6f56f6b85c68ce193c7ba4cddf7d2d1995b0aec0591230859f808b3a1a85f0b7ed581f938a88efeacccc730aec307e80e1c14fc669222f9a
  languageName: node
  linkType: hard

"@typescript-eslint/parser@npm:8.62.0":
  version: 8.62.0
  resolution: "@typescript-eslint/parser@npm:8.62.0"
  dependencies:
    "@typescript-eslint/scope-manager": "npm:8.62.0"
    "@typescript-eslint/types": "npm:8.62.0"
    "@typescript-eslint/typescript-estree": "npm:8.62.0"
    "@typescript-eslint/visitor-keys": "npm:8.62.0"
    debug: "npm:^4.4.3"
  peerDependencies:
    eslint: ^8.57.0 || ^9.0.0 || ^10.0.0
    typescript: ">=4.8.4 <6.1.0"
  checksum: 10c0/eab526557fb679c862a0462e841581e3ca24a88b8f19764630e7d10e01ba01143906100a051c8bede36e3c6eb6bef21c14ac7dccf9d41e04c84448c058450a94
  languageName: node
  linkType: hard

"@typescript-eslint/project-service@npm:8.62.0":
  version: 8.62.0
  resolution: "@typescript-eslint/project-service@npm:8.62.0"
  dependencies:
    "@typescript-eslint/tsconfig-utils": "npm:^8.62.0"
    "@typescript-eslint/types": "npm:^8.62.0"
    debug: "npm:^4.4.3"
  peerDependencies:
    typescript: ">=4.8.4 <6.1.0"
  checksum: 10c0/4369e9ec0c8b2ce6e6cf90142ad781ef99b57350beb4ae48751871e8894e95a8f929de2f56d73849ec0166d2cdb345e3e7a42d30ea8463d3f1b65607648ac582
  languageName: node
  linkType: hard

"@typescript-eslint/scope-manager@npm:8.62.0":
  version: 8.62.0
  resolution: "@typescript-eslint/scope-manager@npm:8.62.0"
  dependencies:
    "@typescript-eslint/types": "npm:8.62.0"
    "@typescript-eslint/visitor-keys": "npm:8.62.0"
  checksum: 10c0/1e7192b6bf18955ee76861321a92e08815f1bc3feab23861b6330dde8343dfb346a47c7c8bf3d94b0897a98184adcf283568b5857a0e5d509ce0c21c6cf4cc44
  languageName: node
  linkType: hard

"@typescript-eslint/tsconfig-utils@npm:8.62.0, @typescript-eslint/tsconfig-utils@npm:^8.62.0":
  version: 8.62.0
  resolution: "@typescript-eslint/tsconfig-utils@npm:8.62.0"
  peerDependencies:
    typescript: ">=4.8.4 <6.1.0"
  checksum: 10c0/9423908009e95b8bba8ac2ad1e4bf4bc9dd7052fa44be613659f81aad363787bf7fa1ea017eb9dcb059fed41866bc2d8e50f1cf41c7dfad25a4431c333fbf2fa
  languageName: node
  linkType: hard

"@typescript-eslint/type-utils@npm:8.62.0":
  version: 8.62.0
  resolution: "@typescript-eslint/type-utils@npm:8.62.0"
  dependencies:
    "@typescript-eslint/types": "npm:8.62.0"
    "@typescript-eslint/typescript-estree": "npm:8.62.0"
    "@typescript-eslint/utils": "npm:8.62.0"
    debug: "npm:^4.4.3"
    ts-api-utils: "npm:^2.5.0"
  peerDependencies:
    eslint: ^8.57.0 || ^9.0.0 || ^10.0.0
    typescript: ">=4.8.4 <6.1.0"
  checksum: 10c0/caf6a0072ff48e9351564dbc856c095fd5233bf2176daf9e8361a534be9ded6835c984ff8867365ca3cba158189074b14cc199b19c1a2e20d09682170c3784db
  languageName: node
  linkType: hard

"@typescript-eslint/types@npm:8.62.0, @typescript-eslint/types@npm:^8.62.0":
  version: 8.62.0
  resolution: "@typescript-eslint/types@npm:8.62.0"
  checksum: 10c0/28d7a6851cb79301ef1ee004fb8d75811e52eb2a7258d7f8ad2f234886ab2faaf1888cbf5a71cb53afd4d1024c51f71ea359f3103ea70d6f7ccd626ffbfd49c1
  languageName: node
  linkType: hard

"@typescript-eslint/typescript-estree@npm:8.62.0":
  version: 8.62.0
  resolution: "@typescript-eslint/typescript-estree@npm:8.62.0"
  dependencies:
    "@typescript-eslint/project-service": "npm:8.62.0"
    "@typescript-eslint/tsconfig-utils": "npm:8.62.0"
    "@typescript-eslint/types": "npm:8.62.0"
    "@typescript-eslint/visitor-keys": "npm:8.62.0"
    debug: "npm:^4.4.3"
    minimatch: "npm:^10.2.2"
    semver: "npm:^7.7.3"
    tinyglobby: "npm:^0.2.15"
    ts-api-utils: "npm:^2.5.0"
  peerDependencies:
    typescript: ">=4.8.4 <6.1.0"
  checksum: 10c0/c1b76203f37870e66487379c75b1d1a9af0a9c88e8e58a3d2fc106427ce42dce9bd7358a3d2cb7d344004cbb693dba899abf19391d853bbb9f345aa8683635c4
  languageName: node
  linkType: hard

"@typescript-eslint/utils@npm:8.62.0":
  version: 8.62.0
  resolution: "@typescript-eslint/utils@npm:8.62.0"
  dependencies:
    "@eslint-community/eslint-utils": "npm:^4.9.1"
    "@typescript-eslint/scope-manager": "npm:8.62.0"
    "@typescript-eslint/types": "npm:8.62.0"
    "@typescript-eslint/typescript-estree": "npm:8.62.0"
  peerDependencies:
    eslint: ^8.57.0 || ^9.0.0 || ^10.0.0
    typescript: ">=4.8.4 <6.1.0"
  checksum: 10c0/5c5d1dd2c37d43ec913e4d144d071058701bf3548733671a05025fae306f7afdc4fdc3d9867d0eae32537eb68ecba046ab8aa6111a5d97497ec78fee98a25809
  languageName: node
  linkType: hard

"@typescript-eslint/visitor-keys@npm:8.62.0":
  version: 8.62.0
  resolution: "@typescript-eslint/visitor-keys@npm:8.62.0"
  dependencies:
    "@typescript-eslint/types": "npm:8.62.0"
    eslint-visitor-keys: "npm:^5.0.0"
  checksum: 10c0/29102828fab6b060e607effee0d7666bc82aef269241c7c5c44ffb3386b3cb69ea585bf7c5d88d428c489f46d5888cbe90677e15cbad8cb27acfa1fc1661bd5b
  languageName: node
  linkType: hard

"abbrev@npm:^5.0.0":
  version: 5.0.0
  resolution: "abbrev@npm:5.0.0"
  checksum: 10c0/8e88f5c798ea4562d28c5a3e9ad69e3879890bc5d695d8f2dffb8609be4c890aacc8f80ef4553fdd2c6a62d70c2ce8bc57b38074e383beb7487bdafa9ed42ea5
  languageName: node
  linkType: hard

"acorn-jsx@npm:^5.3.2":
  version: 5.3.2
  resolution: "acorn-jsx@npm:5.3.2"
  peerDependencies:
    acorn: ^6.0.0 || ^7.0.0 || ^8.0.0
  checksum: 10c0/4c54868fbef3b8d58927d5e33f0a4de35f59012fe7b12cf9dfbb345fb8f46607709e1c4431be869a23fb63c151033d84c4198fa9f79385cec34fcb1dd53974c1
  languageName: node
  linkType: hard

"acorn@npm:^8.16.0":
  version: 8.17.0
  resolution: "acorn@npm:8.17.0"
  bin:
    acorn: bin/acorn
  checksum: 10c0/5dcefea5f8f023b6cc24cbe71fb5a8112b601d36c4fa07d14e4e6ffc2ee47383332c46b36c766d9437725aa6660156eae50efa0c838719823b50d7c327c4ed42
  languageName: node
  linkType: hard

"ajv@npm:^6.14.0":
  version: 6.15.0
  resolution: "ajv@npm:6.15.0"
  dependencies:
    fast-deep-equal: "npm:^3.1.1"
    fast-json-stable-stringify: "npm:^2.0.0"
    json-schema-traverse: "npm:^0.4.1"
    uri-js: "npm:^4.2.2"
  checksum: 10c0/67966499dd272ecde1c2e467084411132891523d057487587879d39ac04207f4351b7b2324c83198013967fbfa632c1612adc960114a30770fbe07a0773b32c2
  languageName: node
  linkType: hard

"async@npm:^3.2.3":
  version: 3.2.6
  resolution: "async@npm:3.2.6"
  checksum: 10c0/36484bb15ceddf07078688d95e27076379cc2f87b10c03b6dd8a83e89475a3c8df5848859dd06a4c95af1e4c16fc973de0171a77f18ea00be899aca2a4f85e70
  languageName: node
  linkType: hard

"balanced-match@npm:^4.0.2":
  version: 4.0.4
  resolution: "balanced-match@npm:4.0.4"
  checksum: 10c0/07e86102a3eb2ee2a6a1a89164f29d0dbaebd28f2ca3f5ca786f36b8b23d9e417eb3be45a4acf754f837be5ac0a2317de90d3fcb7f4f4dc95720a1f36b26a17b
  languageName: node
  linkType: hard

"brace-expansion@npm:^5.0.5":
  version: 5.0.6
  resolution: "brace-expansion@npm:5.0.6"
  dependencies:
    balanced-match: "npm:^4.0.2"
  checksum: 10c0/8c919869b90f61d533b341d3340be5ee4413232ea89b8246cbc2f38eb014f1d8182785c98a006eaf6111d02dc9eeffefdc240d5ac158625b2ed084dccd4bbf9b
  languageName: node
  linkType: hard

"chownr@npm:^3.0.0":
  version: 3.0.0
  resolution: "chownr@npm:3.0.0"
  checksum: 10c0/43925b87700f7e3893296c8e9c56cc58f926411cce3a6e5898136daaf08f08b9a8eb76d37d3267e707d0dcc17aed2e2ebdf5848c0c3ce95cf910a919935c1b10
  languageName: node
  linkType: hard

"color-convert@npm:^3.1.3":
  version: 3.1.3
  resolution: "color-convert@npm:3.1.3"
  dependencies:
    color-name: "npm:^2.0.0"
  checksum: 10c0/427648b442c6ea6dab5ba03f4962201ee59f128c80b25d5a0f7d9aab0ef52519a9db8a9bb3cf40b73f86eb19b5ca6aeb0ab930665f3d14973ce776d7d0448a15
  languageName: node
  linkType: hard

"color-name@npm:^2.0.0":
  version: 2.1.0
  resolution: "color-name@npm:2.1.0"
  checksum: 10c0/9c953caba99557fce472232ded438c56b902c569cb15d66fcfbdf6374206126eef52ab66459f3984d4074b4aa8ab95e6f4b31a8e4f228dea57d0afecf94281fa
  languageName: node
  linkType: hard

"color-string@npm:^2.1.3":
  version: 2.1.4
  resolution: "color-string@npm:2.1.4"
  dependencies:
    color-name: "npm:^2.0.0"
  checksum: 10c0/18a9fefec153d885e0dbfb076f3a65cdcd19f52d96c719f2f261e90e5b7dafd13c51baac399d7099eac290f004d340045ab9467312dcc8afefe6f877ec5c4428
  languageName: node
  linkType: hard

"color@npm:^5.0.2":
  version: 5.0.3
  resolution: "color@npm:5.0.3"
  dependencies:
    color-convert: "npm:^3.1.3"
    color-string: "npm:^2.1.3"
  checksum: 10c0/f08a03c5113ae4aa36dba9d2438596b194b897e18b961310643cb63872add1da507cd238df264eb434bbdbe3a377ec41f90d877531acca611523cfcd365db1b6
  languageName: node
  linkType: hard

"cross-spawn@npm:^7.0.6":
  version: 7.0.6
  resolution: "cross-spawn@npm:7.0.6"
  dependencies:
    path-key: "npm:^3.1.0"
    shebang-command: "npm:^2.0.0"
    which: "npm:^2.0.1"
  checksum: 10c0/053ea8b2135caff68a9e81470e845613e374e7309a47731e81639de3eaeb90c3d01af0e0b44d2ab9d50b43467223b88567dfeb3262db942dc063b9976718ffc1
  languageName: node
  linkType: hard

"debug@npm:^4.3.1, debug@npm:^4.3.2, debug@npm:^4.4.3":
  version: 4.4.3
  resolution: "debug@npm:4.4.3"
  dependencies:
    ms: "npm:^2.1.3"
  peerDependenciesMeta:
    supports-color:
      optional: true
  checksum: 10c0/d79136ec6c83ecbefd0f6a5593da6a9c91ec4d7ddc4b54c883d6e71ec9accb5f67a1a5e96d00a328196b5b5c86d365e98d8a3a70856aaf16b4e7b1985e67f5a6
  languageName: node
  linkType: hard

"deep-is@npm:^0.1.3":
  version: 0.1.4
  resolution: "deep-is@npm:0.1.4"
  checksum: 10c0/7f0ee496e0dff14a573dc6127f14c95061b448b87b995fc96c017ce0a1e66af1675e73f1d6064407975bc4ea6ab679497a29fff7b5b9c4e99cb10797c1ad0b4c
  languageName: node
  linkType: hard

"enabled@npm:2.0.x":
  version: 2.0.0
  resolution: "enabled@npm:2.0.0"
  checksum: 10c0/3b2c2af9bc7f8b9e291610f2dde4a75cf6ee52a68f4dd585482fbdf9a55d65388940e024e56d40bb03e05ef6671f5f53021fa8b72a20e954d7066ec28166713f
  languageName: node
  linkType: hard

"env-paths@npm:^2.2.0":
  version: 2.2.1
  resolution: "env-paths@npm:2.2.1"
  checksum: 10c0/285325677bf00e30845e330eec32894f5105529db97496ee3f598478e50f008c5352a41a30e5e72ec9de8a542b5a570b85699cd63bd2bc646dbcb9f311d83bc4
  languageName: node
  linkType: hard

"escape-string-regexp@npm:^4.0.0":
  version: 4.0.0
  resolution: "escape-string-regexp@npm:4.0.0"
  checksum: 10c0/9497d4dd307d845bd7f75180d8188bb17ea8c151c1edbf6b6717c100e104d629dc2dfb687686181b0f4b7d732c7dfdc4d5e7a8ff72de1b0ca283a75bbb3a9cd9
  languageName: node
  linkType: hard

"eslint-plugin-playwright@npm:^1":
  version: 1.8.3
  resolution: "eslint-plugin-playwright@npm:1.8.3"
  dependencies:
    globals: "npm:^13.23.0"
  peerDependencies:
    eslint: ">=8.40.0"
    eslint-plugin-jest: ">=25"
  peerDependenciesMeta:
    eslint-plugin-jest:
      optional: true
  checksum: 10c0/41c90ad82d7bfd336b11d88a7dd4aee3832878f3abc5df0c7e988124ac3d4e0ffc7de760f4e986a275bf088da2a360d177e8a48d6b3193dcb5f60b17138cf0fe
  languageName: node
  linkType: hard

"eslint-scope@npm:^9.1.2":
  version: 9.1.2
  resolution: "eslint-scope@npm:9.1.2"
  dependencies:
    "@types/esrecurse": "npm:^4.3.1"
    "@types/estree": "npm:^1.0.8"
    esrecurse: "npm:^4.3.0"
    estraverse: "npm:^5.2.0"
  checksum: 10c0/9fb8bca5a73e5741efb6cec84467027b6cb6f4203ff9b43a938e272c5cd30800bde46a5c20dfd1609f840225f0b62b7673be391b20acadf8658ca9fa4729b3dd
  languageName: node
  linkType: hard

"eslint-visitor-keys@npm:^3.4.3":
  version: 3.4.3
  resolution: "eslint-visitor-keys@npm:3.4.3"
  checksum: 10c0/92708e882c0a5ffd88c23c0b404ac1628cf20104a108c745f240a13c332a11aac54f49a22d5762efbffc18ecbc9a580d1b7ad034bf5f3cc3307e5cbff2ec9820
  languageName: node
  linkType: hard

"eslint-visitor-keys@npm:^5.0.0, eslint-visitor-keys@npm:^5.0.1":
  version: 5.0.1
  resolution: "eslint-visitor-keys@npm:5.0.1"
  checksum: 10c0/16190bdf2cbae40a1109384c94450c526a79b0b9c3cb21e544256ed85ac48a4b84db66b74a6561d20fe6ab77447f150d711c2ad5ad74df4fcc133736bce99678
  languageName: node
  linkType: hard

"eslint@npm:^10":
  version: 10.5.0
  resolution: "eslint@npm:10.5.0"
  dependencies:
    "@eslint-community/eslint-utils": "npm:^4.8.0"
    "@eslint-community/regexpp": "npm:^4.12.2"
    "@eslint/config-array": "npm:^0.23.5"
    "@eslint/config-helpers": "npm:^0.6.0"
    "@eslint/core": "npm:^1.2.1"
    "@eslint/plugin-kit": "npm:^0.7.2"
    "@humanfs/node": "npm:^0.16.6"
    "@humanwhocodes/module-importer": "npm:^1.0.1"
    "@humanwhocodes/retry": "npm:^0.4.2"
    "@types/estree": "npm:^1.0.6"
    ajv: "npm:^6.14.0"
    cross-spawn: "npm:^7.0.6"
    debug: "npm:^4.3.2"
    escape-string-regexp: "npm:^4.0.0"
    eslint-scope: "npm:^9.1.2"
    eslint-visitor-keys: "npm:^5.0.1"
    espree: "npm:^11.2.0"
    esquery: "npm:^1.7.0"
    esutils: "npm:^2.0.2"
    fast-deep-equal: "npm:^3.1.3"
    file-entry-cache: "npm:^8.0.0"
    find-up: "npm:^5.0.0"
    glob-parent: "npm:^6.0.2"
    ignore: "npm:^5.2.0"
    imurmurhash: "npm:^0.1.4"
    is-glob: "npm:^4.0.0"
    json-stable-stringify-without-jsonify: "npm:^1.0.1"
    minimatch: "npm:^10.2.4"
    natural-compare: "npm:^1.4.0"
    optionator: "npm:^0.9.3"
  peerDependencies:
    jiti: "*"
  peerDependenciesMeta:
    jiti:
      optional: true
  bin:
    eslint: bin/eslint.js
  checksum: 10c0/e1f7a1d442027e5478945cb07b6a382adc3f149fbfd3dbc14951a7a9fa312546b27fb35b0556897ca1d04539ad16ee85bda75ad9f724873e1153d1fbca0d6145
  languageName: node
  linkType: hard

"espree@npm:^11.2.0":
  version: 11.2.0
  resolution: "espree@npm:11.2.0"
  dependencies:
    acorn: "npm:^8.16.0"
    acorn-jsx: "npm:^5.3.2"
    eslint-visitor-keys: "npm:^5.0.1"
  checksum: 10c0/cf87e18ffd9dc113eb8d16588e7757701bc10c9934a71cce8b89c2611d51672681a918307bd6b19ac3ccd0e7ba1cbccc2f815b36b52fa7e73097b251014c3d81
  languageName: node
  linkType: hard

"esquery@npm:^1.7.0":
  version: 1.7.0
  resolution: "esquery@npm:1.7.0"
  dependencies:
    estraverse: "npm:^5.1.0"
  checksum: 10c0/77d5173db450b66f3bc685d11af4c90cffeedb340f34a39af96d43509a335ce39c894fd79233df32d38f5e4e219fa0f7076f6ec90bae8320170ba082c0db4793
  languageName: node
  linkType: hard

"esrecurse@npm:^4.3.0":
  version: 4.3.0
  resolution: "esrecurse@npm:4.3.0"
  dependencies:
    estraverse: "npm:^5.2.0"
  checksum: 10c0/81a37116d1408ded88ada45b9fb16dbd26fba3aadc369ce50fcaf82a0bac12772ebd7b24cd7b91fc66786bf2c1ac7b5f196bc990a473efff972f5cb338877cf5
  languageName: node
  linkType: hard

"estraverse@npm:^5.1.0, estraverse@npm:^5.2.0":
  version: 5.3.0
  resolution: "estraverse@npm:5.3.0"
  checksum: 10c0/1ff9447b96263dec95d6d67431c5e0771eb9776427421260a3e2f0fdd5d6bd4f8e37a7338f5ad2880c9f143450c9b1e4fc2069060724570a49cf9cf0312bd107
  languageName: node
  linkType: hard

"esutils@npm:^2.0.2":
  version: 2.0.3
  resolution: "esutils@npm:2.0.3"
  checksum: 10c0/9a2fe69a41bfdade834ba7c42de4723c97ec776e40656919c62cbd13607c45e127a003f05f724a1ea55e5029a4cf2de444b13009f2af71271e42d93a637137c7
  languageName: node
  linkType: hard

"exponential-backoff@npm:^3.1.1":
  version: 3.1.3
  resolution: "exponential-backoff@npm:3.1.3"
  checksum: 10c0/77e3ae682b7b1f4972f563c6dbcd2b0d54ac679e62d5d32f3e5085feba20483cf28bd505543f520e287a56d4d55a28d7874299941faf637e779a1aa5994d1267
  languageName: node
  linkType: hard

"fast-deep-equal@npm:^3.1.1, fast-deep-equal@npm:^3.1.3":
  version: 3.1.3
  resolution: "fast-deep-equal@npm:3.1.3"
  checksum: 10c0/40dedc862eb8992c54579c66d914635afbec43350afbbe991235fdcb4e3a8d5af1b23ae7e79bef7d4882d0ecee06c3197488026998fb19f72dc95acff1d1b1d0
  languageName: node
  linkType: hard

"fast-json-stable-stringify@npm:^2.0.0":
  version: 2.1.0
  resolution: "fast-json-stable-stringify@npm:2.1.0"
  checksum: 10c0/7f081eb0b8a64e0057b3bb03f974b3ef00135fbf36c1c710895cd9300f13c94ba809bb3a81cf4e1b03f6e5285610a61abbd7602d0652de423144dfee5a389c9b
  languageName: node
  linkType: hard

"fast-levenshtein@npm:^2.0.6":
  version: 2.0.6
  resolution: "fast-levenshtein@npm:2.0.6"
  checksum: 10c0/111972b37338bcb88f7d9e2c5907862c280ebf4234433b95bc611e518d192ccb2d38119c4ac86e26b668d75f7f3894f4ff5c4982899afced7ca78633b08287c4
  languageName: node
  linkType: hard

"fdir@npm:^6.5.0":
  version: 6.5.0
  resolution: "fdir@npm:6.5.0"
  peerDependencies:
    picomatch: ^3 || ^4
  peerDependenciesMeta:
    picomatch:
      optional: true
  checksum: 10c0/e345083c4306b3aed6cb8ec551e26c36bab5c511e99ea4576a16750ddc8d3240e63826cc624f5ae17ad4dc82e68a253213b60d556c11bfad064b7607847ed07f
  languageName: node
  linkType: hard

"fecha@npm:^4.2.0":
  version: 4.2.3
  resolution: "fecha@npm:4.2.3"
  checksum: 10c0/0e895965959cf6a22bb7b00f0bf546f2783836310f510ddf63f463e1518d4c96dec61ab33fdfd8e79a71b4856a7c865478ce2ee8498d560fe125947703c9b1cf
  languageName: node
  linkType: hard

"file-entry-cache@npm:^8.0.0":
  version: 8.0.0
  resolution: "file-entry-cache@npm:8.0.0"
  dependencies:
    flat-cache: "npm:^4.0.0"
  checksum: 10c0/9e2b5938b1cd9b6d7e3612bdc533afd4ac17b2fc646569e9a8abbf2eb48e5eb8e316bc38815a3ef6a1b456f4107f0d0f055a614ca613e75db6bf9ff4d72c1638
  languageName: node
  linkType: hard

"find-up@npm:^5.0.0":
  version: 5.0.0
  resolution: "find-up@npm:5.0.0"
  dependencies:
    locate-path: "npm:^6.0.0"
    path-exists: "npm:^4.0.0"
  checksum: 10c0/062c5a83a9c02f53cdd6d175a37ecf8f87ea5bbff1fdfb828f04bfa021441bc7583e8ebc0872a4c1baab96221fb8a8a275a19809fb93fbc40bd69ec35634069a
  languageName: node
  linkType: hard

"flat-cache@npm:^4.0.0":
  version: 4.0.1
  resolution: "flat-cache@npm:4.0.1"
  dependencies:
    flatted: "npm:^3.2.9"
    keyv: "npm:^4.5.4"
  checksum: 10c0/2c59d93e9faa2523e4fda6b4ada749bed432cfa28c8e251f33b25795e426a1c6dbada777afb1f74fcfff33934fdbdea921ee738fcc33e71adc9d6eca984a1cfc
  languageName: node
  linkType: hard

"flatted@npm:^3.2.9":
  version: 3.4.2
  resolution: "flatted@npm:3.4.2"
  checksum: 10c0/a65b67aae7172d6cdf63691be7de6c5cd5adbdfdfe2e9da1a09b617c9512ed794037741ee53d93114276bff3f93cd3b0d97d54f9b316e1e4885dde6e9ffdf7ed
  languageName: node
  linkType: hard

"fn.name@npm:1.x.x":
  version: 1.1.0
  resolution: "fn.name@npm:1.1.0"
  checksum: 10c0/8ad62aa2d4f0b2a76d09dba36cfec61c540c13a0fd72e5d94164e430f987a7ce6a743112bbeb14877c810ef500d1f73d7f56e76d029d2e3413f20d79e3460a9a
  languageName: node
  linkType: hard

"fsevents@npm:2.3.2":
  version: 2.3.2
  resolution: "fsevents@npm:2.3.2"
  dependencies:
    node-gyp: "npm:latest"
  checksum: 10c0/be78a3efa3e181cda3cf7a4637cb527bcebb0bd0ea0440105a3bb45b86f9245b307dc10a2507e8f4498a7d4ec349d1910f4d73e4d4495b16103106e07eee735b
  conditions: os=darwin
  languageName: node
  linkType: hard

"fsevents@patch:fsevents@npm%3A2.3.2#optional!builtin<compat/fsevents>":
  version: 2.3.2
  resolution: "fsevents@patch:fsevents@npm%3A2.3.2#optional!builtin<compat/fsevents>::version=2.3.2&hash=df0bf1"
  dependencies:
    node-gyp: "npm:latest"
  conditions: os=darwin
  languageName: node
  linkType: hard

"glob-parent@npm:^6.0.2":
  version: 6.0.2
  resolution: "glob-parent@npm:6.0.2"
  dependencies:
    is-glob: "npm:^4.0.3"
  checksum: 10c0/317034d88654730230b3f43bb7ad4f7c90257a426e872ea0bf157473ac61c99bf5d205fad8f0185f989be8d2fa6d3c7dce1645d99d545b6ea9089c39f838e7f8
  languageName: node
  linkType: hard

"globals@npm:^13.23.0":
  version: 13.24.0
  resolution: "globals@npm:13.24.0"
  dependencies:
    type-fest: "npm:^0.20.2"
  checksum: 10c0/d3c11aeea898eb83d5ec7a99508600fbe8f83d2cf00cbb77f873dbf2bcb39428eff1b538e4915c993d8a3b3473fa71eeebfe22c9bb3a3003d1e26b1f2c8a42cd
  languageName: node
  linkType: hard

"graceful-fs@npm:^4.2.6":
  version: 4.2.11
  resolution: "graceful-fs@npm:4.2.11"
  checksum: 10c0/386d011a553e02bc594ac2ca0bd6d9e4c22d7fa8cfbfc448a6d148c59ea881b092db9dbe3547ae4b88e55f1b01f7c4a2ecc53b310c042793e63aa44cf6c257f2
  languageName: node
  linkType: hard

"ignore@npm:^5.2.0":
  version: 5.3.2
  resolution: "ignore@npm:5.3.2"
  checksum: 10c0/f9f652c957983634ded1e7f02da3b559a0d4cc210fca3792cb67f1b153623c9c42efdc1c4121af171e295444459fc4a9201101fb041b1104a3c000bccb188337
  languageName: node
  linkType: hard

"ignore@npm:^7.0.5":
  version: 7.0.5
  resolution: "ignore@npm:7.0.5"
  checksum: 10c0/ae00db89fe873064a093b8999fe4cc284b13ef2a178636211842cceb650b9c3e390d3339191acb145d81ed5379d2074840cf0c33a20bdbd6f32821f79eb4ad5d
  languageName: node
  linkType: hard

"imurmurhash@npm:^0.1.4":
  version: 0.1.4
  resolution: "imurmurhash@npm:0.1.4"
  checksum: 10c0/8b51313850dd33605c6c9d3fd9638b714f4c4c40250cff658209f30d40da60f78992fb2df5dabee4acf589a6a82bbc79ad5486550754bd9ec4e3fc0d4a57d6a6
  languageName: node
  linkType: hard

"inherits@npm:^2.0.3":
  version: 2.0.4
  resolution: "inherits@npm:2.0.4"
  checksum: 10c0/4e531f648b29039fb7426fb94075e6545faa1eb9fe83c29f0b6d9e7263aceb4289d2d4557db0d428188eeb449cc7c5e77b0a0b2c4e248ff2a65933a0dee49ef2
  languageName: node
  linkType: hard

"is-extglob@npm:^2.1.1":
  version: 2.1.1
  resolution: "is-extglob@npm:2.1.1"
  checksum: 10c0/5487da35691fbc339700bbb2730430b07777a3c21b9ebaecb3072512dfd7b4ba78ac2381a87e8d78d20ea08affb3f1971b4af629173a6bf435ff8a4c47747912
  languageName: node
  linkType: hard

"is-glob@npm:^4.0.0, is-glob@npm:^4.0.3":
  version: 4.0.3
  resolution: "is-glob@npm:4.0.3"
  dependencies:
    is-extglob: "npm:^2.1.1"
  checksum: 10c0/17fb4014e22be3bbecea9b2e3a76e9e34ff645466be702f1693e8f1ee1adac84710d0be0bd9f967d6354036fd51ab7c2741d954d6e91dae6bb69714de92c197a
  languageName: node
  linkType: hard

"is-stream@npm:^2.0.0":
  version: 2.0.1
  resolution: "is-stream@npm:2.0.1"
  checksum: 10c0/7c284241313fc6efc329b8d7f08e16c0efeb6baab1b4cd0ba579eb78e5af1aa5da11e68559896a2067cd6c526bd29241dda4eb1225e627d5aa1a89a76d4635a5
  languageName: node
  linkType: hard

"isexe@npm:^2.0.0":
  version: 2.0.0
  resolution: "isexe@npm:2.0.0"
  checksum: 10c0/228cfa503fadc2c31596ab06ed6aa82c9976eec2bfd83397e7eaf06d0ccf42cd1dfd6743bf9aeb01aebd4156d009994c5f76ea898d2832c1fe342da923ca457d
  languageName: node
  linkType: hard

"isexe@npm:^4.0.0":
  version: 4.0.0
  resolution: "isexe@npm:4.0.0"
  checksum: 10c0/5884815115bceac452877659a9c7726382531592f43dc29e5d48b7c4100661aed54018cb90bd36cb2eaeba521092570769167acbb95c18d39afdccbcca06c5ce
  languageName: node
  linkType: hard

"json-buffer@npm:3.0.1":
  version: 3.0.1
  resolution: "json-buffer@npm:3.0.1"
  checksum: 10c0/0d1c91569d9588e7eef2b49b59851f297f3ab93c7b35c7c221e288099322be6b562767d11e4821da500f3219542b9afd2e54c5dc573107c1126ed1080f8e96d7
  languageName: node
  linkType: hard

"json-schema-traverse@npm:^0.4.1":
  version: 0.4.1
  resolution: "json-schema-traverse@npm:0.4.1"
  checksum: 10c0/108fa90d4cc6f08243aedc6da16c408daf81793bf903e9fd5ab21983cda433d5d2da49e40711da016289465ec2e62e0324dcdfbc06275a607fe3233fde4942ce
  languageName: node
  linkType: hard

"json-stable-stringify-without-jsonify@npm:^1.0.1":
  version: 1.0.1
  resolution: "json-stable-stringify-without-jsonify@npm:1.0.1"
  checksum: 10c0/cb168b61fd4de83e58d09aaa6425ef71001bae30d260e2c57e7d09a5fd82223e2f22a042dedaab8db23b7d9ae46854b08bb1f91675a8be11c5cffebef5fb66a5
  languageName: node
  linkType: hard

"keyv@npm:^4.5.4":
  version: 4.5.4
  resolution: "keyv@npm:4.5.4"
  dependencies:
    json-buffer: "npm:3.0.1"
  checksum: 10c0/aa52f3c5e18e16bb6324876bb8b59dd02acf782a4b789c7b2ae21107fab95fab3890ed448d4f8dba80ce05391eeac4bfabb4f02a20221342982f806fa2cf271e
  languageName: node
  linkType: hard

"kuler@npm:^2.0.0":
  version: 2.0.0
  resolution: "kuler@npm:2.0.0"
  checksum: 10c0/0a4e99d92ca373f8f74d1dc37931909c4d0d82aebc94cf2ba265771160fc12c8df34eaaac80805efbda367e2795cb1f1dd4c3d404b6b1cf38aec94035b503d2d
  languageName: node
  linkType: hard

"levn@npm:^0.4.1":
  version: 0.4.1
  resolution: "levn@npm:0.4.1"
  dependencies:
    prelude-ls: "npm:^1.2.1"
    type-check: "npm:~0.4.0"
  checksum: 10c0/effb03cad7c89dfa5bd4f6989364bfc79994c2042ec5966cb9b95990e2edee5cd8969ddf42616a0373ac49fac1403437deaf6e9050fbbaa3546093a59b9ac94e
  languageName: node
  linkType: hard

"locate-path@npm:^6.0.0":
  version: 6.0.0
  resolution: "locate-path@npm:6.0.0"
  dependencies:
    p-locate: "npm:^5.0.0"
  checksum: 10c0/d3972ab70dfe58ce620e64265f90162d247e87159b6126b01314dd67be43d50e96a50b517bce2d9452a79409c7614054c277b5232377de50416564a77ac7aad3
  languageName: node
  linkType: hard

"logform@npm:^2.7.0":
  version: 2.7.0
  resolution: "logform@npm:2.7.0"
  dependencies:
    "@colors/colors": "npm:1.6.0"
    "@types/triple-beam": "npm:^1.3.2"
    fecha: "npm:^4.2.0"
    ms: "npm:^2.1.1"
    safe-stable-stringify: "npm:^2.3.1"
    triple-beam: "npm:^1.3.0"
  checksum: 10c0/4789b4b37413c731d1835734cb799240d31b865afde6b7b3e06051d6a4127bfda9e88c99cfbf296d084a315ccbed2647796e6a56b66e725bcb268c586f57558f
  languageName: node
  linkType: hard

"minimatch@npm:^10.2.2, minimatch@npm:^10.2.4":
  version: 10.2.5
  resolution: "minimatch@npm:10.2.5"
  dependencies:
    brace-expansion: "npm:^5.0.5"
  checksum: 10c0/6bb058bd6324104b9ec2f763476a35386d05079c1f5fe4fbf1f324a25237cd4534d6813ecd71f48208f4e635c1221899bef94c3c89f7df55698fe373aaae20fd
  languageName: node
  linkType: hard

"minipass@npm:^7.0.4, minipass@npm:^7.1.2":
  version: 7.1.3
  resolution: "minipass@npm:7.1.3"
  checksum: 10c0/539da88daca16533211ea5a9ee98dc62ff5742f531f54640dd34429e621955e91cc280a91a776026264b7f9f6735947629f920944e9c1558369e8bf22eb33fbb
  languageName: node
  linkType: hard

"minizlib@npm:^3.1.0":
  version: 3.1.0
  resolution: "minizlib@npm:3.1.0"
  dependencies:
    minipass: "npm:^7.1.2"
  checksum: 10c0/5aad75ab0090b8266069c9aabe582c021ae53eb33c6c691054a13a45db3b4f91a7fb1bd79151e6b4e9e9a86727b522527c0a06ec7d45206b745d54cd3097bcec
  languageName: node
  linkType: hard

"ms@npm:^2.1.1, ms@npm:^2.1.3":
  version: 2.1.3
  resolution: "ms@npm:2.1.3"
  checksum: 10c0/d924b57e7312b3b63ad21fc5b3dc0af5e78d61a1fc7cfb5457edaf26326bf62be5307cc87ffb6862ef1c2b33b0233cdb5d4f01c4c958cc0d660948b65a287a48
  languageName: node
  linkType: hard

"natural-compare@npm:^1.4.0":
  version: 1.4.0
  resolution: "natural-compare@npm:1.4.0"
  checksum: 10c0/f5f9a7974bfb28a91afafa254b197f0f22c684d4a1731763dda960d2c8e375b36c7d690e0d9dc8fba774c537af14a7e979129bca23d88d052fbeb9466955e447
  languageName: node
  linkType: hard

"node-gyp@npm:latest":
  version: 13.0.2
  resolution: "node-gyp@npm:13.0.2"
  dependencies:
    env-paths: "npm:^2.2.0"
    exponential-backoff: "npm:^3.1.1"
    graceful-fs: "npm:^4.2.6"
    nopt: "npm:^10.0.0"
    proc-log: "npm:^7.0.0"
    semver: "npm:^7.3.5"
    tar: "npm:^7.5.4"
    tinyglobby: "npm:^0.2.12"
    undici: "npm:^8.4.1"
    which: "npm:^7.0.0"
  bin:
    node-gyp: bin/node-gyp.js
  checksum: 10c0/29d33ccf47ffeeb5e7af925550b416f698a26a72eb10975c7eb5775c1d0cecacd76d164a4aa45503d3ddcece209db65c712be00423c69381a4cd14e2e6540559
  languageName: node
  linkType: hard

"nopt@npm:^10.0.0":
  version: 10.0.1
  resolution: "nopt@npm:10.0.1"
  dependencies:
    abbrev: "npm:^5.0.0"
  bin:
    nopt: bin/nopt.js
  checksum: 10c0/980d89257f9587f3e1f77877ddbf905d6aa3b738ec33e49a4fa1a059a0dd82eb28063982b150654a7ae9de386f2ead60e56172db7d37cf56de545f7392a2a26a
  languageName: node
  linkType: hard

"one-time@npm:^1.0.0":
  version: 1.0.0
  resolution: "one-time@npm:1.0.0"
  dependencies:
    fn.name: "npm:1.x.x"
  checksum: 10c0/6e4887b331edbb954f4e915831cbec0a7b9956c36f4feb5f6de98c448ac02ff881fd8d9b55a6b1b55030af184c6b648f340a76eb211812f4ad8c9b4b8692fdaa
  languageName: node
  linkType: hard

"optionator@npm:^0.9.3":
  version: 0.9.4
  resolution: "optionator@npm:0.9.4"
  dependencies:
    deep-is: "npm:^0.1.3"
    fast-levenshtein: "npm:^2.0.6"
    levn: "npm:^0.4.1"
    prelude-ls: "npm:^1.2.1"
    type-check: "npm:^0.4.0"
    word-wrap: "npm:^1.2.5"
  checksum: 10c0/4afb687a059ee65b61df74dfe87d8d6815cd6883cb8b3d5883a910df72d0f5d029821f37025e4bccf4048873dbdb09acc6d303d27b8f76b1a80dd5a7d5334675
  languageName: node
  linkType: hard

"p-limit@npm:^3.0.2":
  version: 3.1.0
  resolution: "p-limit@npm:3.1.0"
  dependencies:
    yocto-queue: "npm:^0.1.0"
  checksum: 10c0/9db675949dbdc9c3763c89e748d0ef8bdad0afbb24d49ceaf4c46c02c77d30db4e0652ed36d0a0a7a95154335fab810d95c86153105bb73b3a90448e2bb14e1a
  languageName: node
  linkType: hard

"p-locate@npm:^5.0.0":
  version: 5.0.0
  resolution: "p-locate@npm:5.0.0"
  dependencies:
    p-limit: "npm:^3.0.2"
  checksum: 10c0/2290d627ab7903b8b70d11d384fee714b797f6040d9278932754a6860845c4d3190603a0772a663c8cb5a7b21d1b16acb3a6487ebcafa9773094edc3dfe6009a
  languageName: node
  linkType: hard

"path-exists@npm:^4.0.0":
  version: 4.0.0
  resolution: "path-exists@npm:4.0.0"
  checksum: 10c0/8c0bd3f5238188197dc78dced15207a4716c51cc4e3624c44fc97acf69558f5ebb9a2afff486fe1b4ee148e0c133e96c5e11a9aa5c48a3006e3467da070e5e1b
  languageName: node
  linkType: hard

"path-key@npm:^3.1.0":
  version: 3.1.1
  resolution: "path-key@npm:3.1.1"
  checksum: 10c0/748c43efd5a569c039d7a00a03b58eecd1d75f3999f5a28303d75f521288df4823bc057d8784eb72358b2895a05f29a070bc9f1f17d28226cc4e62494cc58c4c
  languageName: node
  linkType: hard

"picomatch@npm:^4.0.4":
  version: 4.0.4
  resolution: "picomatch@npm:4.0.4"
  checksum: 10c0/e2c6023372cc7b5764719a5ffb9da0f8e781212fa7ca4bd0562db929df8e117460f00dff3cb7509dacfc06b86de924b247f504d0ce1806a37fac4633081466b0
  languageName: node
  linkType: hard

"playwright-core@npm:1.61.0":
  version: 1.61.0
  resolution: "playwright-core@npm:1.61.0"
  bin:
    playwright-core: cli.js
  checksum: 10c0/64cbf5e9f4ad81cbb005d59417e96435e324a6e3801f1c79b36850ad99f6bb90853c4b569a32c49b9eca1e07925bbb2a5a864babdba2178c3c395e0c589d5941
  languageName: node
  linkType: hard

"playwright@npm:1.61.0":
  version: 1.61.0
  resolution: "playwright@npm:1.61.0"
  dependencies:
    fsevents: "npm:2.3.2"
    playwright-core: "npm:1.61.0"
  dependenciesMeta:
    fsevents:
      optional: true
  bin:
    playwright: cli.js
  checksum: 10c0/079dceebe8b745fa6062a3af928024d0c508177fbf15d61dba09ba173f277465ad3746fdc1b31788ade65428f4d3f92fc8083b44c07381b088721eaa2ea06513
  languageName: node
  linkType: hard

"prelude-ls@npm:^1.2.1":
  version: 1.2.1
  resolution: "prelude-ls@npm:1.2.1"
  checksum: 10c0/b00d617431e7886c520a6f498a2e14c75ec58f6d93ba48c3b639cf241b54232d90daa05d83a9e9b9fef6baa63cb7e1e4602c2372fea5bc169668401eb127d0cd
  languageName: node
  linkType: hard

"prettier@npm:^3":
  version: 3.8.4
  resolution: "prettier@npm:3.8.4"
  bin:
    prettier: bin/prettier.cjs
  checksum: 10c0/b90a0cbe75b88ac0af9c13fe0f359bd19926fabccd88483227b21f71f0c1cc42da056fc1ac3a361e665577c568371d5ccfb2c62c31c8a1186f8d1bd531a063e9
  languageName: node
  linkType: hard

"proc-log@npm:^7.0.0":
  version: 7.0.0
  resolution: "proc-log@npm:7.0.0"
  checksum: 10c0/b89c2d862604f35fec795477b0c7e376feab3ba0d4f4d291c4e959567442697cf451ac557d0623c1cc38af45a78128b983410f397a10c5d3a67f76c33de4754b
  languageName: node
  linkType: hard

"punycode@npm:^2.1.0":
  version: 2.3.1
  resolution: "punycode@npm:2.3.1"
  checksum: 10c0/14f76a8206bc3464f794fb2e3d3cc665ae416c01893ad7a02b23766eb07159144ee612ad67af5e84fa4479ccfe67678c4feb126b0485651b302babf66f04f9e9
  languageName: node
  linkType: hard

"readable-stream@npm:^3.4.0, readable-stream@npm:^3.6.2":
  version: 3.6.2
  resolution: "readable-stream@npm:3.6.2"
  dependencies:
    inherits: "npm:^2.0.3"
    string_decoder: "npm:^1.1.1"
    util-deprecate: "npm:^1.0.1"
  checksum: 10c0/e37be5c79c376fdd088a45fa31ea2e423e5d48854be7a22a58869b4e84d25047b193f6acb54f1012331e1bcd667ffb569c01b99d36b0bd59658fb33f513511b7
  languageName: node
  linkType: hard

"safe-buffer@npm:~5.2.0":
  version: 5.2.1
  resolution: "safe-buffer@npm:5.2.1"
  checksum: 10c0/6501914237c0a86e9675d4e51d89ca3c21ffd6a31642efeba25ad65720bce6921c9e7e974e5be91a786b25aa058b5303285d3c15dbabf983a919f5f630d349f3
  languageName: node
  linkType: hard

"safe-stable-stringify@npm:^2.3.1":
  version: 2.5.0
  resolution: "safe-stable-stringify@npm:2.5.0"
  checksum: 10c0/baea14971858cadd65df23894a40588ed791769db21bafb7fd7608397dbdce9c5aac60748abae9995e0fc37e15f2061980501e012cd48859740796bea2987f49
  languageName: node
  linkType: hard

"semver@npm:^7.3.5, semver@npm:^7.7.3":
  version: 7.8.5
  resolution: "semver@npm:7.8.5"
  bin:
    semver: bin/semver.js
  checksum: 10c0/b1f3127a5be8125a94f37188b361c212466c292c6910adce3ec106cff5dc211ccaedc4739c11bb70fda59d6fc1f040a9bca289f4e093451521a2372e5231fe0c
  languageName: node
  linkType: hard

"shebang-command@npm:^2.0.0":
  version: 2.0.0
  resolution: "shebang-command@npm:2.0.0"
  dependencies:
    shebang-regex: "npm:^3.0.0"
  checksum: 10c0/a41692e7d89a553ef21d324a5cceb5f686d1f3c040759c50aab69688634688c5c327f26f3ecf7001ebfd78c01f3c7c0a11a7c8bfd0a8bc9f6240d4f40b224e4e
  languageName: node
  linkType: hard

"shebang-regex@npm:^3.0.0":
  version: 3.0.0
  resolution: "shebang-regex@npm:3.0.0"
  checksum: 10c0/1dbed0726dd0e1152a92696c76c7f06084eb32a90f0528d11acd764043aacf76994b2fb30aa1291a21bd019d6699164d048286309a278855ee7bec06cf6fb690
  languageName: node
  linkType: hard

"stack-trace@npm:0.0.x":
  version: 0.0.10
  resolution: "stack-trace@npm:0.0.10"
  checksum: 10c0/9ff3dabfad4049b635a85456f927a075c9d0c210e3ea336412d18220b2a86cbb9b13ec46d6c37b70a302a4ea4d49e30e5d4944dd60ae784073f1cde778ac8f4b
  languageName: node
  linkType: hard

"string_decoder@npm:^1.1.1":
  version: 1.3.0
  resolution: "string_decoder@npm:1.3.0"
  dependencies:
    safe-buffer: "npm:~5.2.0"
  checksum: 10c0/810614ddb030e271cd591935dcd5956b2410dd079d64ff92a1844d6b7588bf992b3e1b69b0f4d34a3e06e0bd73046ac646b5264c1987b20d0601f81ef35d731d
  languageName: node
  linkType: hard

"tar@npm:^7.5.4":
  version: 7.5.22
  resolution: "tar@npm:7.5.22"
  dependencies:
    "@isaacs/fs-minipass": "npm:^4.0.0"
    chownr: "npm:^3.0.0"
    minipass: "npm:^7.1.2"
    minizlib: "npm:^3.1.0"
    yallist: "npm:^5.0.0"
  checksum: 10c0/1311f6be85a8157ac4c9147bae43e13923d2a1aae15e4aa1bd5239e4e03d2cf53cfe103dde7f35832fbb4c938b042856bc8e9a0afd29abd05e2d1608788c4fea
  languageName: node
  linkType: hard

"text-hex@npm:1.0.x":
  version: 1.0.0
  resolution: "text-hex@npm:1.0.0"
  checksum: 10c0/57d8d320d92c79d7c03ffb8339b825bb9637c2cbccf14304309f51d8950015c44464b6fd1b6820a3d4821241c68825634f09f5a2d9d501e84f7c6fd14376860d
  languageName: node
  linkType: hard

"tinyglobby@npm:^0.2.12, tinyglobby@npm:^0.2.15":
  version: 0.2.17
  resolution: "tinyglobby@npm:0.2.17"
  dependencies:
    fdir: "npm:^6.5.0"
    picomatch: "npm:^4.0.4"
  checksum: 10c0/7f7bb0f197c88bc4b20c231e0deca4240ca3bf313a88f5a7fee93a872b84966a4d50220947c0455ad07a60b3b360961c5b7fd979222aeb716a9f99b412002e4c
  languageName: node
  linkType: hard

"triple-beam@npm:^1.3.0":
  version: 1.4.1
  resolution: "triple-beam@npm:1.4.1"
  checksum: 10c0/4bf1db71e14fe3ff1c3adbe3c302f1fdb553b74d7591a37323a7badb32dc8e9c290738996cbb64f8b10dc5a3833645b5d8c26221aaaaa12e50d1251c9aba2fea
  languageName: node
  linkType: hard

"ts-api-utils@npm:^2.5.0":
  version: 2.5.0
  resolution: "ts-api-utils@npm:2.5.0"
  peerDependencies:
    typescript: ">=4.8.4"
  checksum: 10c0/767849383c114e7f1971fa976b20e73ac28fd0c70d8d65c0004790bf4d8f89888c7e4cf6d5949f9c1beae9bc3c64835bef77bbe27fddf45a3c7b60cebcf85c8c
  languageName: node
  linkType: hard

"type-check@npm:^0.4.0, type-check@npm:~0.4.0":
  version: 0.4.0
  resolution: "type-check@npm:0.4.0"
  dependencies:
    prelude-ls: "npm:^1.2.1"
  checksum: 10c0/7b3fd0ed43891e2080bf0c5c504b418fbb3e5c7b9708d3d015037ba2e6323a28152ec163bcb65212741fa5d2022e3075ac3c76440dbd344c9035f818e8ecee58
  languageName: node
  linkType: hard

"type-fest@npm:^0.20.2":
  version: 0.20.2
  resolution: "type-fest@npm:0.20.2"
  checksum: 10c0/dea9df45ea1f0aaa4e2d3bed3f9a0bfe9e5b2592bddb92eb1bf06e50bcf98dbb78189668cd8bc31a0511d3fc25539b4cd5c704497e53e93e2d40ca764b10bfc3
  languageName: node
  linkType: hard

"typescript-eslint@npm:^8":
  version: 8.62.0
  resolution: "typescript-eslint@npm:8.62.0"
  dependencies:
    "@typescript-eslint/eslint-plugin": "npm:8.62.0"
    "@typescript-eslint/parser": "npm:8.62.0"
    "@typescript-eslint/typescript-estree": "npm:8.62.0"
    "@typescript-eslint/utils": "npm:8.62.0"
  peerDependencies:
    eslint: ^8.57.0 || ^9.0.0 || ^10.0.0
    typescript: ">=4.8.4 <6.1.0"
  checksum: 10c0/263056d927b79c17b0c84849953642af202106e55914c5a606a4c76445b6428b2412e2d08cc20318b8aed9d1988e2a0cea60387e18ef0862beae13e8bc1df690
  languageName: node
  linkType: hard

"typescript@npm:^5.3.0":
  version: 5.9.3
  resolution: "typescript@npm:5.9.3"
  bin:
    tsc: bin/tsc
    tsserver: bin/tsserver
  checksum: 10c0/6bd7552ce39f97e711db5aa048f6f9995b53f1c52f7d8667c1abdc1700c68a76a308f579cd309ce6b53646deb4e9a1be7c813a93baaf0a28ccd536a30270e1c5
  languageName: node
  linkType: hard

"typescript@patch:typescript@npm%3A^5.3.0#optional!builtin<compat/typescript>":
  version: 5.9.3
  resolution: "typescript@patch:typescript@npm%3A5.9.3#optional!builtin<compat/typescript>::version=5.9.3&hash=5786d5"
  bin:
    tsc: bin/tsc
    tsserver: bin/tsserver
  checksum: 10c0/ad09fdf7a756814dce65bc60c1657b40d44451346858eea230e10f2e95a289d9183b6e32e5c11e95acc0ccc214b4f36289dcad4bf1886b0adb84d711d336a430
  languageName: node
  linkType: hard

"undici-types@npm:~6.21.0":
  version: 6.21.0
  resolution: "undici-types@npm:6.21.0"
  checksum: 10c0/c01ed51829b10aa72fc3ce64b747f8e74ae9b60eafa19a7b46ef624403508a54c526ffab06a14a26b3120d055e1104d7abe7c9017e83ced038ea5cf52f8d5e04
  languageName: node
  linkType: hard

"undici@npm:^8.4.1":
  version: 8.10.2
  resolution: "undici@npm:8.10.2"
  checksum: 10c0/66d7fc69149207cab570d6abbc9e965b6afe1ae889a7d46945b431165c973d6a56f3dd8b70a856e7ae1e550b6366a1cde6f06e68640587f0dadca38de72995ee
  languageName: node
  linkType: hard

"uri-js@npm:^4.2.2":
  version: 4.4.1
  resolution: "uri-js@npm:4.4.1"
  dependencies:
    punycode: "npm:^2.1.0"
  checksum: 10c0/4ef57b45aa820d7ac6496e9208559986c665e49447cb072744c13b66925a362d96dd5a46c4530a6b8e203e5db5fe849369444440cb22ecfc26c679359e5dfa3c
  languageName: node
  linkType: hard

"util-deprecate@npm:^1.0.1":
  version: 1.0.2
  resolution: "util-deprecate@npm:1.0.2"
  checksum: 10c0/41a5bdd214df2f6c3ecf8622745e4a366c4adced864bc3c833739791aeeeb1838119af7daed4ba36428114b5c67dcda034a79c882e97e43c03e66a4dd7389942
  languageName: node
  linkType: hard

"which@npm:^2.0.1":
  version: 2.0.2
  resolution: "which@npm:2.0.2"
  dependencies:
    isexe: "npm:^2.0.0"
  bin:
    node-which: ./bin/node-which
  checksum: 10c0/66522872a768b60c2a65a57e8ad184e5372f5b6a9ca6d5f033d4b0dc98aff63995655a7503b9c0a2598936f532120e81dd8cc155e2e92ed662a2b9377cc4374f
  languageName: node
  linkType: hard

"which@npm:^7.0.0":
  version: 7.0.0
  resolution: "which@npm:7.0.0"
  dependencies:
    isexe: "npm:^4.0.0"
  bin:
    node-which: bin/which.js
  checksum: 10c0/ca0b54f198f78bbc4b7c02e34bda8d335cb352e0adb4cbca1c37b1a957af3a879a82c4c27ca6525bc942f548d8b64f816ef6528360af9f3de55ffb9b979b620d
  languageName: node
  linkType: hard

"winston-transport@npm:^4.9.0":
  version: 4.9.0
  resolution: "winston-transport@npm:4.9.0"
  dependencies:
    logform: "npm:^2.7.0"
    readable-stream: "npm:^3.6.2"
    triple-beam: "npm:^1.3.0"
  checksum: 10c0/e2990a172e754dbf27e7823772214a22dc8312f7ec9cfba831e5ef30a5d5528792e5ea8f083c7387ccfc5b2af20e3691f64738546c8869086110a26f98671095
  languageName: node
  linkType: hard

"winston@npm:^3.19.0":
  version: 3.19.0
  resolution: "winston@npm:3.19.0"
  dependencies:
    "@colors/colors": "npm:^1.6.0"
    "@dabh/diagnostics": "npm:^2.0.8"
    async: "npm:^3.2.3"
    is-stream: "npm:^2.0.0"
    logform: "npm:^2.7.0"
    one-time: "npm:^1.0.0"
    readable-stream: "npm:^3.4.0"
    safe-stable-stringify: "npm:^2.3.1"
    stack-trace: "npm:0.0.x"
    triple-beam: "npm:^1.3.0"
    winston-transport: "npm:^4.9.0"
  checksum: 10c0/341a8ccfb726120209d34e2466040e2ca72cadb1a3402c4fc90425facad002b81275675b4ab9b4432a624311bc47ef7c9fb7652c86fca454d2be2f2ee1882226
  languageName: node
  linkType: hard

"word-wrap@npm:^1.2.5":
  version: 1.2.5
  resolution: "word-wrap@npm:1.2.5"
  checksum: 10c0/e0e4a1ca27599c92a6ca4c32260e8a92e8a44f4ef6ef93f803f8ed823f486e0889fc0b93be4db59c8d51b3064951d25e43d434e95dc8c960cc3a63d65d00ba20
  languageName: node
  linkType: hard

"yallist@npm:^5.0.0":
  version: 5.0.0
  resolution: "yallist@npm:5.0.0"
  checksum: 10c0/a499c81ce6d4a1d260d4ea0f6d49ab4da09681e32c3f0472dee16667ed69d01dae63a3b81745a24bd78476ec4fcf856114cb4896ace738e01da34b2c42235416
  languageName: node
  linkType: hard

"yocto-queue@npm:^0.1.0":
  version: 0.1.0
  resolution: "yocto-queue@npm:0.1.0"
  checksum: 10c0/dceb44c28578b31641e13695d200d34ec4ab3966a5729814d5445b194933c096b7ced71494ce53a0e8820685d1d010df8b2422e5bf2cdea7e469d97ffbea306f
  languageName: node
  linkType: hard
