# This is a Gradle generated file for dependency locking.
# Manual edits can break the build and are not advised.
# This file is expected to be part of source control.
com.eed3si9n:shaded-jawn-parser_2.13:1.3.2=zinc
com.eed3si9n:shaded-scalajson_2.13:1.0.0-M4=zinc
com.eed3si9n:sjson-new-core_2.13:0.10.1=zinc
com.eed3si9n:sjson-new-scalajson_2.13:0.10.1=zinc
com.google.code.findbugs:jsr305:3.0.2=spotless865458226
com.google.errorprone:error_prone_annotations:2.21.1=spotless865458226
com.google.googlejavaformat:google-java-format:1.18.1=spotless865458226
com.google.guava:failureaccess:1.0.1=spotless865458226
com.google.guava:guava:32.1.3-jre=spotless865458226
com.google.guava:listenablefuture:9999.0-empty-to-avoid-conflict-with-guava=spotless865458226
com.lmax:disruptor:3.4.2=zinc
com.swoval:file-tree-views:2.1.12=zinc
io.github.java-diff-utils:java-diff-utils:4.12=zinc
javax.annotation:javax.annotation-api:1.3.2=compileClasspath,runtimeClasspath,testCompileClasspath,testRuntimeClasspath
net.java.dev.jna:jna:5.14.0=zinc
net.openhft:zero-allocation-hashing:0.16=zinc
org.apache.logging.log4j:log4j-api:2.17.1=zinc
org.apache.logging.log4j:log4j-core:2.17.1=zinc
org.checkerframework:checker-qual:3.37.0=spotless865458226
org.fusesource.jansi:jansi:2.4.0=zinc
org.jline:jline-native:3.27.1=zinc
org.jline:jline-terminal-jni:3.27.1=zinc
org.jline:jline-terminal:3.27.1=zinc
org.jline:jline:3.26.3=zinc
org.scala-lang.modules:scala-parallel-collections_2.13:0.2.0=zinc
org.scala-lang.modules:scala-parser-combinators_2.13:1.1.2=zinc
org.scala-lang.modules:scala-xml_2.13:2.3.0=zinc
org.scala-lang:scala-compiler:2.13.15=zinc
org.scala-lang:scala-library:2.13.15=zinc
org.scala-lang:scala-reflect:2.13.15=zinc
org.scala-sbt.jline:jline:2.14.7-sbt-9c3b6aca11c57e339441442bbf58e550cdfecb79=zinc
org.scala-sbt:collections_2.13:1.10.4=zinc
org.scala-sbt:compiler-bridge_2.13:1.10.4=zinc
org.scala-sbt:compiler-interface:1.10.4=zinc
org.scala-sbt:core-macros_2.13:1.10.4=zinc
org.scala-sbt:io_2.13:1.10.1=zinc
org.scala-sbt:launcher-interface:1.4.4=zinc
org.scala-sbt:sbinary_2.13:0.5.1=zinc
org.scala-sbt:util-control_2.13:1.10.4=zinc
org.scala-sbt:util-interface:1.10.4=zinc
org.scala-sbt:util-logging_2.13:1.10.4=zinc
org.scala-sbt:util-position_2.13:1.10.4=zinc
org.scala-sbt:util-relation_2.13:1.10.4=zinc
org.scala-sbt:zinc-apiinfo_2.13:1.10.4=zinc
org.scala-sbt:zinc-classfile_2.13:1.10.4=zinc
org.scala-sbt:zinc-classpath_2.13:1.10.4=zinc
org.scala-sbt:zinc-compile-core_2.13:1.10.4=zinc
org.scala-sbt:zinc-core_2.13:1.10.4=zinc
org.scala-sbt:zinc-persist-core-assembly:1.10.4=zinc
org.scala-sbt:zinc-persist_2.13:1.10.4=zinc
org.scala-sbt:zinc_2.13:1.10.4=zinc
empty=annotationProcessor,scalaCompilerPlugins,scalaToolchainRuntimeClasspath,testAnnotationProcessor
