# This is a Gradle generated file for dependency locking.
# Manual edits can break the build and are not advised.
# This file is expected to be part of source control.
antlr:antlr:2.7.7=compileClasspath,runtimeClasspath,testCompileClasspath,testRuntimeClasspath
ch.qos.logback:logback-classic:1.5.21=runtimeClasspath,testRuntimeClasspath
ch.qos.logback:logback-core:1.5.21=runtimeClasspath,testRuntimeClasspath
com.fasterxml.jackson.core:jackson-annotations:2.18.4=runtimeClasspath,testRuntimeClasspath
com.fasterxml.jackson.core:jackson-core:2.10.2=compileClasspath,testCompileClasspath
com.fasterxml.jackson.core:jackson-core:2.18.4=runtimeClasspath,testRuntimeClasspath
com.fasterxml.jackson.core:jackson-databind:2.18.4=runtimeClasspath,testRuntimeClasspath
com.fasterxml.jackson.dataformat:jackson-dataformat-smile:2.10.2=compileClasspath,testCompileClasspath
com.fasterxml.jackson.dataformat:jackson-dataformat-smile:2.18.4=runtimeClasspath,testRuntimeClasspath
com.fasterxml.jackson.dataformat:jackson-dataformat-yaml:2.18.4=runtimeClasspath,testRuntimeClasspath
com.fasterxml.jackson:jackson-bom:2.18.4=runtimeClasspath,testRuntimeClasspath
com.github.ben-manes.caffeine:caffeine:2.7.0=compileClasspath,runtimeClasspath,testCompileClasspath,testRuntimeClasspath
com.google.code.findbugs:annotations:3.0.1=compileClasspath,runtimeClasspath,testCompileClasspath,testRuntimeClasspath
com.google.code.findbugs:jsr305:3.0.2=compileClasspath,runtimeClasspath,spotless865458226,testCompileClasspath,testRuntimeClasspath
com.google.errorprone:error_prone_annotations:2.21.1=compileClasspath,runtimeClasspath,spotless865458226,testCompileClasspath,testRuntimeClasspath
com.google.googlejavaformat:google-java-format:1.18.1=spotless865458226
com.google.guava:failureaccess:1.0.1=compileClasspath,runtimeClasspath,spotless865458226,testCompileClasspath,testRuntimeClasspath
com.google.guava:guava:32.1.3-jre=compileClasspath,runtimeClasspath,spotless865458226,testCompileClasspath,testRuntimeClasspath
com.google.guava:listenablefuture:9999.0-empty-to-avoid-conflict-with-guava=compileClasspath,runtimeClasspath,spotless865458226,testCompileClasspath,testRuntimeClasspath
com.google.j2objc:j2objc-annotations:2.8=compileClasspath,testCompileClasspath
com.ibm.icu:icu4j:69.1=compileClasspath,runtimeClasspath,testCompileClasspath,testRuntimeClasspath
com.linkedin.pegasus:data-transform:29.74.2=compileClasspath,runtimeClasspath,testCompileClasspath,testRuntimeClasspath
com.linkedin.pegasus:data:29.74.2=compileClasspath,runtimeClasspath,testCompileClasspath,testRuntimeClasspath
com.linkedin.pegasus:entity-stream:29.74.2=compileClasspath,runtimeClasspath,testCompileClasspath,testRuntimeClasspath
com.linkedin.pegasus:generator:29.74.2=compileClasspath,runtimeClasspath,testCompileClasspath,testRuntimeClasspath
com.linkedin.pegasus:li-protobuf:29.74.2=compileClasspath,runtimeClasspath,testCompileClasspath,testRuntimeClasspath
com.linkedin.pegasus:pegasus-common:29.74.2=compileClasspath,runtimeClasspath,testCompileClasspath,testRuntimeClasspath
com.linkedin.pegasus:r2-core:29.74.2=compileClasspath,runtimeClasspath,testCompileClasspath,testRuntimeClasspath
com.sun.activation:javax.activation:1.2.0=compileClasspath,runtimeClasspath,testCompileClasspath,testRuntimeClasspath
com.sun.codemodel:codemodel:2.2=compileClasspath,runtimeClasspath,testCompileClasspath,testRuntimeClasspath
commons-cli:commons-cli:1.0=compileClasspath,runtimeClasspath,testCompileClasspath,testRuntimeClasspath
commons-io:commons-io:2.17.0=compileClasspath,runtimeClasspath,testCompileClasspath,testRuntimeClasspath
commons-logging:commons-logging:1.0=compileClasspath,runtimeClasspath,testCompileClasspath,testRuntimeClasspath
io.github.classgraph:classgraph:4.8.172=compileClasspath,runtimeClasspath,testCompileClasspath,testRuntimeClasspath
io.netty:netty-all:4.1.130.Final=compileClasspath,runtimeClasspath,testCompileClasspath,testRuntimeClasspath
io.netty:netty-buffer:4.1.130.Final=compileClasspath,runtimeClasspath,testCompileClasspath,testRuntimeClasspath
io.netty:netty-codec-dns:4.1.130.Final=compileClasspath,runtimeClasspath,testCompileClasspath,testRuntimeClasspath
io.netty:netty-codec-haproxy:4.1.130.Final=compileClasspath,runtimeClasspath,testCompileClasspath,testRuntimeClasspath
io.netty:netty-codec-http2:4.1.130.Final=compileClasspath,runtimeClasspath,testCompileClasspath,testRuntimeClasspath
io.netty:netty-codec-http:4.1.130.Final=compileClasspath,runtimeClasspath,testCompileClasspath,testRuntimeClasspath
io.netty:netty-codec-memcache:4.1.130.Final=compileClasspath,runtimeClasspath,testCompileClasspath,testRuntimeClasspath
io.netty:netty-codec-mqtt:4.1.130.Final=compileClasspath,runtimeClasspath,testCompileClasspath,testRuntimeClasspath
io.netty:netty-codec-redis:4.1.130.Final=compileClasspath,runtimeClasspath,testCompileClasspath,testRuntimeClasspath
io.netty:netty-codec-smtp:4.1.130.Final=compileClasspath,runtimeClasspath,testCompileClasspath,testRuntimeClasspath
io.netty:netty-codec-socks:4.1.130.Final=compileClasspath,runtimeClasspath,testCompileClasspath,testRuntimeClasspath
io.netty:netty-codec-stomp:4.1.130.Final=compileClasspath,runtimeClasspath,testCompileClasspath,testRuntimeClasspath
io.netty:netty-codec-xml:4.1.130.Final=compileClasspath,runtimeClasspath,testCompileClasspath,testRuntimeClasspath
io.netty:netty-codec:4.1.130.Final=compileClasspath,runtimeClasspath,testCompileClasspath,testRuntimeClasspath
io.netty:netty-common:4.1.130.Final=compileClasspath,runtimeClasspath,testCompileClasspath,testRuntimeClasspath
io.netty:netty-handler-proxy:4.1.130.Final=compileClasspath,runtimeClasspath,testCompileClasspath,testRuntimeClasspath
io.netty:netty-handler-ssl-ocsp:4.1.130.Final=compileClasspath,runtimeClasspath,testCompileClasspath,testRuntimeClasspath
io.netty:netty-handler:4.1.130.Final=compileClasspath,runtimeClasspath,testCompileClasspath,testRuntimeClasspath
io.netty:netty-resolver-dns-classes-macos:4.1.130.Final=compileClasspath,runtimeClasspath,testCompileClasspath,testRuntimeClasspath
io.netty:netty-resolver-dns-native-macos:4.1.130.Final=runtimeClasspath,testRuntimeClasspath
io.netty:netty-resolver-dns:4.1.130.Final=compileClasspath,runtimeClasspath,testCompileClasspath,testRuntimeClasspath
io.netty:netty-resolver:4.1.130.Final=compileClasspath,runtimeClasspath,testCompileClasspath,testRuntimeClasspath
io.netty:netty-transport-classes-epoll:4.1.130.Final=compileClasspath,runtimeClasspath,testCompileClasspath,testRuntimeClasspath
io.netty:netty-transport-classes-kqueue:4.1.130.Final=compileClasspath,runtimeClasspath,testCompileClasspath,testRuntimeClasspath
io.netty:netty-transport-native-epoll:4.1.130.Final=runtimeClasspath,testRuntimeClasspath
io.netty:netty-transport-native-kqueue:4.1.130.Final=runtimeClasspath,testRuntimeClasspath
io.netty:netty-transport-native-unix-common:4.1.130.Final=compileClasspath,runtimeClasspath,testCompileClasspath,testRuntimeClasspath
io.netty:netty-transport-rxtx:4.1.130.Final=compileClasspath,runtimeClasspath,testCompileClasspath,testRuntimeClasspath
io.netty:netty-transport-sctp:4.1.130.Final=compileClasspath,runtimeClasspath,testCompileClasspath,testRuntimeClasspath
io.netty:netty-transport-udt:4.1.130.Final=compileClasspath,runtimeClasspath,testCompileClasspath,testRuntimeClasspath
io.netty:netty-transport:4.1.130.Final=compileClasspath,runtimeClasspath,testCompileClasspath,testRuntimeClasspath
jakarta.json:jakarta.json-api:2.1.3=compileClasspath,runtimeClasspath,testCompileClasspath,testRuntimeClasspath
javax.annotation:javax.annotation-api:1.3.2=compileClasspath,runtimeClasspath,testCompileClasspath,testRuntimeClasspath
javax.servlet:javax.servlet-api:3.1.0=compileClasspath,runtimeClasspath,testCompileClasspath,testRuntimeClasspath
net.jcip:jcip-annotations:1.0=compileClasspath,runtimeClasspath,testCompileClasspath,testRuntimeClasspath
org.abego.treelayout:org.abego.treelayout.core:1.0.3=compileClasspath,runtimeClasspath,testCompileClasspath,testRuntimeClasspath
org.antlr:ST4:4.3.1=compileClasspath,runtimeClasspath,testCompileClasspath,testRuntimeClasspath
org.antlr:antlr-runtime:3.5.2=compileClasspath,runtimeClasspath,testCompileClasspath,testRuntimeClasspath
org.antlr:antlr4-runtime:4.9.3=compileClasspath,runtimeClasspath,testCompileClasspath,testRuntimeClasspath
org.antlr:antlr4:4.9.3=compileClasspath,runtimeClasspath,testCompileClasspath,testRuntimeClasspath
org.apache.commons:commons-lang3:3.18.0=compileClasspath,runtimeClasspath,testCompileClasspath,testRuntimeClasspath
org.apache.commons:commons-text:1.10.0=compileClasspath,runtimeClasspath,testCompileClasspath,testRuntimeClasspath
org.apache.maven:maven-artifact:3.8.1=compileClasspath,runtimeClasspath,testCompileClasspath,testRuntimeClasspath
org.checkerframework:checker-qual:3.37.0=compileClasspath,runtimeClasspath,spotless865458226,testCompileClasspath,testRuntimeClasspath
org.codehaus.plexus:plexus-utils:3.2.1=compileClasspath,runtimeClasspath,testCompileClasspath,testRuntimeClasspath
org.eclipse.parsson:parsson:1.1.6=runtimeClasspath,testRuntimeClasspath
org.jacoco:org.jacoco.agent:0.8.12=jacocoAgent,jacocoAnt
org.jacoco:org.jacoco.ant:0.8.12=jacocoAnt
org.jacoco:org.jacoco.core:0.8.12=jacocoAnt
org.jacoco:org.jacoco.report:0.8.12=jacocoAnt
org.javassist:javassist:3.26.0-GA=runtimeClasspath,testRuntimeClasspath
org.ow2.asm:asm-commons:9.7=jacocoAnt
org.ow2.asm:asm-tree:9.7=jacocoAnt
org.ow2.asm:asm:9.7=jacocoAnt
org.projectlombok:lombok:1.18.42=compileClasspath
org.reflections:reflections:0.9.12=runtimeClasspath,testRuntimeClasspath
org.slf4j:slf4j-api:1.7.36=compileClasspath,testCompileClasspath
org.slf4j:slf4j-api:2.0.17=runtimeClasspath,testRuntimeClasspath
org.yaml:snakeyaml:2.3=runtimeClasspath,testRuntimeClasspath
empty=annotationProcessor,testAnnotationProcessor
