# This is a Gradle generated file for dependency locking.
# Manual edits can break the build and are not advised.
# This file is expected to be part of source control.
antlr:antlr:2.7.7=compileClasspath,dataModel,dataTemplate,dataTemplateCompile,pegasusPlugin,restClient,restClientCompile,runtimeClasspath,testCompileClasspath,testDataModel,testDataTemplate,testRestClient,testRuntimeClasspath
ch.qos.logback:logback-classic:1.2.13=restClient,restClientCompile,testRestClient
ch.qos.logback:logback-core:1.2.13=restClient,restClientCompile,testRestClient
com.fasterxml.jackson.core:jackson-annotations:2.18.4=pegasusPlugin,restClient,restClientCompile,testRestClient
com.fasterxml.jackson.core:jackson-core:2.10.2=compileClasspath,dataModel,dataTemplate,dataTemplateCompile,runtimeClasspath,testCompileClasspath,testDataModel,testDataTemplate,testRuntimeClasspath
com.fasterxml.jackson.core:jackson-core:2.18.4=pegasusPlugin,restClient,restClientCompile,testRestClient
com.fasterxml.jackson.core:jackson-databind:2.18.4=pegasusPlugin,restClient,restClientCompile,testRestClient
com.fasterxml.jackson.dataformat:jackson-dataformat-smile:2.10.2=compileClasspath,dataModel,dataTemplate,dataTemplateCompile,runtimeClasspath,testCompileClasspath,testDataModel,testDataTemplate,testRuntimeClasspath
com.fasterxml.jackson.dataformat:jackson-dataformat-smile:2.18.4=pegasusPlugin,restClient,restClientCompile,testRestClient
com.fasterxml.jackson:jackson-bom:2.18.4=pegasusPlugin,restClient,restClientCompile,testRestClient
com.github.ben-manes.caffeine:caffeine:2.7.0=compileClasspath,dataModel,dataTemplate,dataTemplateCompile,pegasusPlugin,restClient,restClientCompile,runtimeClasspath,testCompileClasspath,testDataModel,testDataTemplate,testRestClient,testRuntimeClasspath
com.google.android:annotations:4.1.1.4=pegasusPlugin,restClient,restClientCompile,testRestClient
com.google.api.grpc:proto-google-common-protos:2.41.0=pegasusPlugin
com.google.api.grpc:proto-google-common-protos:2.59.2=restClient,restClientCompile,testRestClient
com.google.code.findbugs:jsr305:3.0.2=compileClasspath,dataModel,dataTemplate,dataTemplateCompile,pegasusPlugin,restClient,restClientCompile,runtimeClasspath,spotless865458226,testCompileClasspath,testDataModel,testDataTemplate,testRestClient,testRuntimeClasspath
com.google.code.gson:gson:2.12.0=pegasusPlugin,restClient,restClientCompile,testRestClient
com.google.errorprone:error_prone_annotations:2.21.1=dataModel,dataTemplate,runtimeClasspath,spotless865458226,testDataModel,testDataTemplate,testRuntimeClasspath
com.google.errorprone:error_prone_annotations:2.3.3=compileClasspath,dataTemplateCompile,testCompileClasspath
com.google.errorprone:error_prone_annotations:2.36.0=pegasusPlugin,restClient,restClientCompile,testRestClient
com.google.googlejavaformat:google-java-format:1.18.1=spotless865458226
com.google.guava:failureaccess:1.0.1=dataModel,dataTemplate,runtimeClasspath,spotless865458226,testDataModel,testDataTemplate,testRuntimeClasspath
com.google.guava:failureaccess:1.0.2=pegasusPlugin
com.google.guava:failureaccess:1.0.3=restClient,restClientCompile,testRestClient
com.google.guava:guava:32.1.3-jre=dataModel,dataTemplate,runtimeClasspath,spotless865458226,testDataModel,testDataTemplate,testRuntimeClasspath
com.google.guava:guava:33.2.1-android=pegasusPlugin
com.google.guava:guava:33.4.8-android=restClient,restClientCompile,testRestClient
com.google.guava:listenablefuture:9999.0-empty-to-avoid-conflict-with-guava=dataModel,dataTemplate,pegasusPlugin,restClient,restClientCompile,runtimeClasspath,spotless865458226,testDataModel,testDataTemplate,testRestClient,testRuntimeClasspath
com.google.j2objc:j2objc-annotations:2.8=pegasusPlugin
com.google.j2objc:j2objc-annotations:3.0.0=restClient,restClientCompile,testRestClient
com.google.protobuf:protobuf-java-util:3.25.5=pegasusPlugin,restClient,restClientCompile,testRestClient
com.google.protobuf:protobuf-java:3.25.5=pegasusPlugin
com.google.protobuf:protobuf-java:3.25.8=restClientCompile
com.google.protobuf:protobuf-java:4.32.0=restClient,testRestClient
com.ibm.icu:icu4j:69.1=compileClasspath,dataModel,dataTemplate,dataTemplateCompile,pegasusPlugin,restClient,restClientCompile,runtimeClasspath,testCompileClasspath,testDataModel,testDataTemplate,testRestClient,testRuntimeClasspath
com.linkedin.avroutil1:helper-all:0.2.138=pegasusPlugin
com.linkedin.parseq:parseq-batching:5.1.2=pegasusPlugin,restClient,restClientCompile,testRestClient
com.linkedin.parseq:parseq-restli-client:5.1.2=pegasusPlugin,restClient,restClientCompile,testRestClient
com.linkedin.parseq:parseq:5.1.2=pegasusPlugin,restClient,restClientCompile,testRestClient
com.linkedin.pegasus:d2-schemas:29.74.2=pegasusPlugin,restClient,restClientCompile,testRestClient
com.linkedin.pegasus:d2:29.74.2=pegasusPlugin,restClient,restClientCompile,testRestClient
com.linkedin.pegasus:data-avro-generator:29.74.2=pegasusPlugin
com.linkedin.pegasus:data-avro:29.74.2=pegasusPlugin
com.linkedin.pegasus:data-testutils:29.74.2=pegasusPlugin
com.linkedin.pegasus:data-transform:29.74.2=compileClasspath,dataModel,dataTemplate,pegasusPlugin,restClient,restClientCompile,runtimeClasspath,testCompileClasspath,testDataModel,testDataTemplate,testRestClient,testRuntimeClasspath
com.linkedin.pegasus:data:29.74.2=compileClasspath,dataModel,dataTemplate,dataTemplateCompile,pegasusPlugin,restClient,restClientCompile,runtimeClasspath,testCompileClasspath,testDataModel,testDataTemplate,testRestClient,testRuntimeClasspath
com.linkedin.pegasus:degrader:29.74.2=pegasusPlugin,restClient,restClientCompile,testRestClient
com.linkedin.pegasus:entity-stream:29.74.2=compileClasspath,dataModel,dataTemplate,dataTemplateCompile,pegasusPlugin,restClient,restClientCompile,runtimeClasspath,testCompileClasspath,testDataModel,testDataTemplate,testRestClient,testRuntimeClasspath
com.linkedin.pegasus:generator:29.74.2=pegasusPlugin
com.linkedin.pegasus:li-jersey-uri:29.74.2=compileClasspath,dataModel,dataTemplate,pegasusPlugin,restClient,restClientCompile,runtimeClasspath,testCompileClasspath,testDataModel,testDataTemplate,testRestClient,testRuntimeClasspath
com.linkedin.pegasus:li-protobuf:29.74.2=compileClasspath,dataModel,dataTemplate,dataTemplateCompile,pegasusPlugin,restClient,restClientCompile,runtimeClasspath,testCompileClasspath,testDataModel,testDataTemplate,testRestClient,testRuntimeClasspath
com.linkedin.pegasus:multipart-mime:29.74.2=compileClasspath,dataModel,dataTemplate,pegasusPlugin,restClient,restClientCompile,runtimeClasspath,testCompileClasspath,testDataModel,testDataTemplate,testRestClient,testRuntimeClasspath
com.linkedin.pegasus:pegasus-common:29.74.2=compileClasspath,dataModel,dataTemplate,dataTemplateCompile,pegasusPlugin,restClient,restClientCompile,runtimeClasspath,testCompileClasspath,testDataModel,testDataTemplate,testRestClient,testRuntimeClasspath
com.linkedin.pegasus:r2-core:29.74.2=compileClasspath,dataModel,dataTemplate,pegasusPlugin,restClient,restClientCompile,runtimeClasspath,testCompileClasspath,testDataModel,testDataTemplate,testRestClient,testRuntimeClasspath
com.linkedin.pegasus:r2-disruptor:29.74.2=pegasusPlugin,restClient,restClientCompile,testRestClient
com.linkedin.pegasus:r2-filter-compression:29.74.2=pegasusPlugin,restClient,restClientCompile,testRestClient
com.linkedin.pegasus:r2-netty:29.74.2=pegasusPlugin,restClient,restClientCompile,testRestClient
com.linkedin.pegasus:restli-client:29.74.2=pegasusPlugin,restClient,restClientCompile,testRestClient
com.linkedin.pegasus:restli-common:29.74.2=compileClasspath,dataModel,dataTemplate,pegasusPlugin,restClient,restClientCompile,runtimeClasspath,testCompileClasspath,testDataModel,testDataTemplate,testRestClient,testRuntimeClasspath
com.linkedin.pegasus:restli-disruptor:29.74.2=pegasusPlugin,restClient,restClientCompile,testRestClient
com.linkedin.pegasus:restli-server:29.74.2=pegasusPlugin
com.linkedin.pegasus:restli-tools:29.74.2=pegasusPlugin
com.sun.activation:javax.activation:1.2.0=compileClasspath,dataModel,dataTemplate,pegasusPlugin,restClient,restClientCompile,runtimeClasspath,testCompileClasspath,testDataModel,testDataTemplate,testRestClient,testRuntimeClasspath
com.sun.codemodel:codemodel:2.2=pegasusPlugin
commons-cli:commons-cli:1.0=pegasusPlugin,restClient,restClientCompile,testRestClient
commons-codec:commons-codec:1.17.1=pegasusPlugin,restClient,restClientCompile,testRestClient
commons-io:commons-io:2.16.1=pegasusPlugin,restClientCompile
commons-io:commons-io:2.17.0=restClient,testRestClient
commons-logging:commons-logging:1.1.3=pegasusPlugin,restClient,restClientCompile,testRestClient
de.erichseifert.vectorgraphics2d:VectorGraphics2D:0.11=pegasusPlugin,restClient,restClientCompile,testRestClient
io.airlift:aircompressor:2.0.2=pegasusPlugin,restClient,restClientCompile,testRestClient
io.envoyproxy.controlplane:api:0.1.35=pegasusPlugin,restClient,restClientCompile,testRestClient
io.github.classgraph:classgraph:4.8.149=pegasusPlugin
io.grpc:grpc-api:1.68.3=pegasusPlugin
io.grpc:grpc-api:1.77.0=restClient,restClientCompile,testRestClient
io.grpc:grpc-context:1.68.3=pegasusPlugin
io.grpc:grpc-context:1.77.0=restClient,restClientCompile,testRestClient
io.grpc:grpc-core:1.68.3=pegasusPlugin
io.grpc:grpc-core:1.77.0=restClient,restClientCompile,testRestClient
io.grpc:grpc-netty-shaded:1.68.3=pegasusPlugin
io.grpc:grpc-netty-shaded:1.77.0=restClient,restClientCompile,testRestClient
io.grpc:grpc-protobuf-lite:1.68.3=pegasusPlugin
io.grpc:grpc-protobuf-lite:1.77.0=restClient,restClientCompile,testRestClient
io.grpc:grpc-protobuf:1.68.3=pegasusPlugin
io.grpc:grpc-protobuf:1.77.0=restClient,restClientCompile,testRestClient
io.grpc:grpc-stub:1.68.3=pegasusPlugin,restClient,restClientCompile,testRestClient
io.grpc:grpc-util:1.68.3=pegasusPlugin
io.grpc:grpc-util:1.77.0=restClient,restClientCompile,testRestClient
io.netty:netty-all:4.1.130.Final=compileClasspath,dataModel,dataTemplate,restClient,runtimeClasspath,testCompileClasspath,testDataModel,testDataTemplate,testRestClient,testRuntimeClasspath
io.netty:netty-all:4.1.79.Final=pegasusPlugin,restClientCompile
io.netty:netty-buffer:4.1.105.Final=restClientCompile
io.netty:netty-buffer:4.1.130.Final=compileClasspath,dataModel,dataTemplate,restClient,runtimeClasspath,testCompileClasspath,testDataModel,testDataTemplate,testRestClient,testRuntimeClasspath
io.netty:netty-buffer:4.1.79.Final=pegasusPlugin
io.netty:netty-codec-dns:4.1.130.Final=compileClasspath,dataModel,dataTemplate,restClient,runtimeClasspath,testCompileClasspath,testDataModel,testDataTemplate,testRestClient,testRuntimeClasspath
io.netty:netty-codec-dns:4.1.79.Final=pegasusPlugin,restClientCompile
io.netty:netty-codec-haproxy:4.1.130.Final=compileClasspath,dataModel,dataTemplate,restClient,runtimeClasspath,testCompileClasspath,testDataModel,testDataTemplate,testRestClient,testRuntimeClasspath
io.netty:netty-codec-haproxy:4.1.79.Final=pegasusPlugin,restClientCompile
io.netty:netty-codec-http2:4.1.130.Final=compileClasspath,dataModel,dataTemplate,restClient,runtimeClasspath,testCompileClasspath,testDataModel,testDataTemplate,testRestClient,testRuntimeClasspath
io.netty:netty-codec-http2:4.1.79.Final=pegasusPlugin,restClientCompile
io.netty:netty-codec-http:4.1.130.Final=compileClasspath,dataModel,dataTemplate,restClient,runtimeClasspath,testCompileClasspath,testDataModel,testDataTemplate,testRestClient,testRuntimeClasspath
io.netty:netty-codec-http:4.1.79.Final=pegasusPlugin,restClientCompile
io.netty:netty-codec-memcache:4.1.130.Final=compileClasspath,dataModel,dataTemplate,restClient,runtimeClasspath,testCompileClasspath,testDataModel,testDataTemplate,testRestClient,testRuntimeClasspath
io.netty:netty-codec-memcache:4.1.79.Final=pegasusPlugin,restClientCompile
io.netty:netty-codec-mqtt:4.1.130.Final=compileClasspath,dataModel,dataTemplate,restClient,runtimeClasspath,testCompileClasspath,testDataModel,testDataTemplate,testRestClient,testRuntimeClasspath
io.netty:netty-codec-mqtt:4.1.79.Final=pegasusPlugin,restClientCompile
io.netty:netty-codec-redis:4.1.130.Final=compileClasspath,dataModel,dataTemplate,restClient,runtimeClasspath,testCompileClasspath,testDataModel,testDataTemplate,testRestClient,testRuntimeClasspath
io.netty:netty-codec-redis:4.1.79.Final=pegasusPlugin,restClientCompile
io.netty:netty-codec-smtp:4.1.130.Final=compileClasspath,dataModel,dataTemplate,restClient,runtimeClasspath,testCompileClasspath,testDataModel,testDataTemplate,testRestClient,testRuntimeClasspath
io.netty:netty-codec-smtp:4.1.79.Final=pegasusPlugin,restClientCompile
io.netty:netty-codec-socks:4.1.130.Final=compileClasspath,dataModel,dataTemplate,restClient,runtimeClasspath,testCompileClasspath,testDataModel,testDataTemplate,testRestClient,testRuntimeClasspath
io.netty:netty-codec-socks:4.1.79.Final=pegasusPlugin,restClientCompile
io.netty:netty-codec-stomp:4.1.130.Final=compileClasspath,dataModel,dataTemplate,restClient,runtimeClasspath,testCompileClasspath,testDataModel,testDataTemplate,testRestClient,testRuntimeClasspath
io.netty:netty-codec-stomp:4.1.79.Final=pegasusPlugin,restClientCompile
io.netty:netty-codec-xml:4.1.130.Final=compileClasspath,dataModel,dataTemplate,restClient,runtimeClasspath,testCompileClasspath,testDataModel,testDataTemplate,testRestClient,testRuntimeClasspath
io.netty:netty-codec-xml:4.1.79.Final=pegasusPlugin,restClientCompile
io.netty:netty-codec:4.1.105.Final=restClientCompile
io.netty:netty-codec:4.1.130.Final=compileClasspath,dataModel,dataTemplate,restClient,runtimeClasspath,testCompileClasspath,testDataModel,testDataTemplate,testRestClient,testRuntimeClasspath
io.netty:netty-codec:4.1.79.Final=pegasusPlugin
io.netty:netty-common:4.1.105.Final=restClientCompile
io.netty:netty-common:4.1.130.Final=compileClasspath,dataModel,dataTemplate,restClient,runtimeClasspath,testCompileClasspath,testDataModel,testDataTemplate,testRestClient,testRuntimeClasspath
io.netty:netty-common:4.1.79.Final=pegasusPlugin
io.netty:netty-handler-proxy:4.1.130.Final=compileClasspath,dataModel,dataTemplate,restClient,runtimeClasspath,testCompileClasspath,testDataModel,testDataTemplate,testRestClient,testRuntimeClasspath
io.netty:netty-handler-proxy:4.1.79.Final=pegasusPlugin,restClientCompile
io.netty:netty-handler-ssl-ocsp:4.1.130.Final=compileClasspath,dataModel,dataTemplate,restClient,runtimeClasspath,testCompileClasspath,testDataModel,testDataTemplate,testRestClient,testRuntimeClasspath
io.netty:netty-handler:4.1.105.Final=restClientCompile
io.netty:netty-handler:4.1.130.Final=compileClasspath,dataModel,dataTemplate,restClient,runtimeClasspath,testCompileClasspath,testDataModel,testDataTemplate,testRestClient,testRuntimeClasspath
io.netty:netty-handler:4.1.79.Final=pegasusPlugin
io.netty:netty-resolver-dns-classes-macos:4.1.130.Final=compileClasspath,dataModel,dataTemplate,restClient,runtimeClasspath,testCompileClasspath,testDataModel,testDataTemplate,testRestClient,testRuntimeClasspath
io.netty:netty-resolver-dns-classes-macos:4.1.79.Final=pegasusPlugin,restClientCompile
io.netty:netty-resolver-dns-native-macos:4.1.130.Final=dataModel,dataTemplate,restClient,runtimeClasspath,testDataModel,testDataTemplate,testRestClient,testRuntimeClasspath
io.netty:netty-resolver-dns-native-macos:4.1.79.Final=pegasusPlugin,restClientCompile
io.netty:netty-resolver-dns:4.1.130.Final=compileClasspath,dataModel,dataTemplate,restClient,runtimeClasspath,testCompileClasspath,testDataModel,testDataTemplate,testRestClient,testRuntimeClasspath
io.netty:netty-resolver-dns:4.1.79.Final=pegasusPlugin,restClientCompile
io.netty:netty-resolver:4.1.105.Final=restClientCompile
io.netty:netty-resolver:4.1.130.Final=compileClasspath,dataModel,dataTemplate,restClient,runtimeClasspath,testCompileClasspath,testDataModel,testDataTemplate,testRestClient,testRuntimeClasspath
io.netty:netty-resolver:4.1.79.Final=pegasusPlugin
io.netty:netty-transport-classes-epoll:4.1.105.Final=restClientCompile
io.netty:netty-transport-classes-epoll:4.1.130.Final=compileClasspath,dataModel,dataTemplate,restClient,runtimeClasspath,testCompileClasspath,testDataModel,testDataTemplate,testRestClient,testRuntimeClasspath
io.netty:netty-transport-classes-epoll:4.1.79.Final=pegasusPlugin
io.netty:netty-transport-classes-kqueue:4.1.130.Final=compileClasspath,dataModel,dataTemplate,restClient,runtimeClasspath,testCompileClasspath,testDataModel,testDataTemplate,testRestClient,testRuntimeClasspath
io.netty:netty-transport-classes-kqueue:4.1.79.Final=pegasusPlugin,restClientCompile
io.netty:netty-transport-native-epoll:4.1.105.Final=restClientCompile
io.netty:netty-transport-native-epoll:4.1.130.Final=dataModel,dataTemplate,restClient,runtimeClasspath,testDataModel,testDataTemplate,testRestClient,testRuntimeClasspath
io.netty:netty-transport-native-epoll:4.1.79.Final=pegasusPlugin
io.netty:netty-transport-native-kqueue:4.1.130.Final=dataModel,dataTemplate,restClient,runtimeClasspath,testDataModel,testDataTemplate,testRestClient,testRuntimeClasspath
io.netty:netty-transport-native-kqueue:4.1.79.Final=pegasusPlugin,restClientCompile
io.netty:netty-transport-native-unix-common:4.1.105.Final=restClientCompile
io.netty:netty-transport-native-unix-common:4.1.130.Final=compileClasspath,dataModel,dataTemplate,restClient,runtimeClasspath,testCompileClasspath,testDataModel,testDataTemplate,testRestClient,testRuntimeClasspath
io.netty:netty-transport-native-unix-common:4.1.79.Final=pegasusPlugin
io.netty:netty-transport-rxtx:4.1.130.Final=compileClasspath,dataModel,dataTemplate,restClient,runtimeClasspath,testCompileClasspath,testDataModel,testDataTemplate,testRestClient,testRuntimeClasspath
io.netty:netty-transport-rxtx:4.1.79.Final=pegasusPlugin,restClientCompile
io.netty:netty-transport-sctp:4.1.130.Final=compileClasspath,dataModel,dataTemplate,restClient,runtimeClasspath,testCompileClasspath,testDataModel,testDataTemplate,testRestClient,testRuntimeClasspath
io.netty:netty-transport-sctp:4.1.79.Final=pegasusPlugin,restClientCompile
io.netty:netty-transport-udt:4.1.130.Final=compileClasspath,dataModel,dataTemplate,restClient,runtimeClasspath,testCompileClasspath,testDataModel,testDataTemplate,testRestClient,testRuntimeClasspath
io.netty:netty-transport-udt:4.1.79.Final=pegasusPlugin,restClientCompile
io.netty:netty-transport:4.1.105.Final=restClientCompile
io.netty:netty-transport:4.1.130.Final=compileClasspath,dataModel,dataTemplate,restClient,runtimeClasspath,testCompileClasspath,testDataModel,testDataTemplate,testRestClient,testRuntimeClasspath
io.netty:netty-transport:4.1.79.Final=pegasusPlugin
io.perfmark:perfmark-api:0.27.0=pegasusPlugin,restClient,restClientCompile,testRestClient
javax.annotation:javax.annotation-api:1.3.2=compileClasspath,dataModel,dataTemplate,dataTemplateCompile,pegasusPlugin,restClient,restClientCompile,runtimeClasspath,testCompileClasspath,testDataModel,testDataTemplate,testRestClient,testRuntimeClasspath
javax.inject:javax.inject:1=pegasusPlugin
javax.servlet:javax.servlet-api:3.1.0=compileClasspath,dataModel,dataTemplate,pegasusPlugin,restClient,restClientCompile,runtimeClasspath,testCompileClasspath,testDataModel,testDataTemplate,testRestClient,testRuntimeClasspath
net.openhft:zero-allocation-hashing:0.7=pegasusPlugin,restClient,restClientCompile,testRestClient
org.abego.treelayout:org.abego.treelayout.core:1.0.3=compileClasspath,dataModel,dataTemplate,dataTemplateCompile,pegasusPlugin,restClient,restClientCompile,runtimeClasspath,testCompileClasspath,testDataModel,testDataTemplate,testRestClient,testRuntimeClasspath
org.antlr:ST4:4.3.1=compileClasspath,dataModel,dataTemplate,dataTemplateCompile,pegasusPlugin,restClient,restClientCompile,runtimeClasspath,testCompileClasspath,testDataModel,testDataTemplate,testRestClient,testRuntimeClasspath
org.antlr:antlr-runtime:3.5.2=compileClasspath,dataModel,dataTemplate,dataTemplateCompile,pegasusPlugin,restClient,restClientCompile,runtimeClasspath,testCompileClasspath,testDataModel,testDataTemplate,testRestClient,testRuntimeClasspath
org.antlr:antlr4-runtime:4.9.3=compileClasspath,dataModel,dataTemplate,dataTemplateCompile,pegasusPlugin,restClient,restClientCompile,runtimeClasspath,testCompileClasspath,testDataModel,testDataTemplate,testRestClient,testRuntimeClasspath
org.antlr:antlr4:4.9.3=compileClasspath,dataModel,dataTemplate,dataTemplateCompile,pegasusPlugin,restClient,restClientCompile,runtimeClasspath,testCompileClasspath,testDataModel,testDataTemplate,testRestClient,testRuntimeClasspath
org.apache.avro:avro:1.9.2=pegasusPlugin
org.apache.commons:commons-compress:1.27.1=pegasusPlugin,restClient,restClientCompile,testRestClient
org.apache.commons:commons-lang3:3.18.0=compileClasspath,dataModel,dataTemplate,dataTemplateCompile,pegasusPlugin,restClient,restClientCompile,runtimeClasspath,testCompileClasspath,testDataModel,testDataTemplate,testRestClient,testRuntimeClasspath
org.apache.commons:commons-text:1.10.0=compileClasspath,dataModel,dataTemplate,dataTemplateCompile,pegasusPlugin,restClient,restClientCompile,runtimeClasspath,testCompileClasspath,testDataModel,testDataTemplate,testRestClient,testRuntimeClasspath
org.apache.httpcomponents:httpclient:4.3.1=pegasusPlugin,restClient,restClientCompile,testRestClient
org.apache.httpcomponents:httpcore:4.3.1=pegasusPlugin,restClient,restClientCompile,testRestClient
org.apache.velocity:velocity-engine-core:2.2=pegasusPlugin
org.apache.yetus:audience-annotations:0.12.0=restClient,restClientCompile,testRestClient
org.apache.yetus:audience-annotations:0.5.0=pegasusPlugin
org.apache.zookeeper:zookeeper-jute:3.6.3=pegasusPlugin
org.apache.zookeeper:zookeeper-jute:3.8.4=restClient,restClientCompile,testRestClient
org.apache.zookeeper:zookeeper:3.6.3=pegasusPlugin
org.apache.zookeeper:zookeeper:3.8.4=restClient,restClientCompile,testRestClient
org.checkerframework:checker-qual:2.6.0=compileClasspath,dataTemplateCompile,restClient,restClientCompile,testCompileClasspath,testRestClient
org.checkerframework:checker-qual:3.37.0=dataModel,dataTemplate,runtimeClasspath,spotless865458226,testDataModel,testDataTemplate,testRuntimeClasspath
org.checkerframework:checker-qual:3.42.0=pegasusPlugin
org.codehaus.jackson:jackson-core-asl:1.8.8=pegasusPlugin,restClient,restClientCompile,testRestClient
org.codehaus.mojo:animal-sniffer-annotations:1.24=pegasusPlugin,restClient,restClientCompile,testRestClient
org.hdrhistogram:HdrHistogram:2.1.9=pegasusPlugin,restClient,restClientCompile,testRestClient
org.jacoco:org.jacoco.agent:0.8.12=jacocoAgent,jacocoAnt
org.jacoco:org.jacoco.ant:0.8.12=jacocoAnt
org.jacoco:org.jacoco.core:0.8.12=jacocoAnt
org.jacoco:org.jacoco.report:0.8.12=jacocoAnt
org.javassist:javassist:3.26.0-GA=dataModel,dataTemplate,restClient,runtimeClasspath,testDataModel,testDataTemplate,testRestClient,testRuntimeClasspath
org.knowm.xchart:xchart:3.2.2=pegasusPlugin,restClient,restClientCompile,testRestClient
org.ow2.asm:asm-commons:9.7=jacocoAnt
org.ow2.asm:asm-tree:9.7=jacocoAnt
org.ow2.asm:asm:9.7=jacocoAnt
org.reflections:reflections:0.9.12=dataModel,dataTemplate,restClient,runtimeClasspath,testDataModel,testDataTemplate,testRestClient,testRuntimeClasspath
org.slf4j:slf4j-api:1.7.30=compileClasspath,dataTemplateCompile,pegasusPlugin,testCompileClasspath
org.slf4j:slf4j-api:1.7.32=restClientCompile
org.slf4j:slf4j-api:1.7.36=dataModel,dataTemplate,restClient,runtimeClasspath,testDataModel,testDataTemplate,testRestClient,testRuntimeClasspath
org.slf4j:slf4j-simple:1.7.2=pegasusPlugin
org.xerial.snappy:snappy-java:1.1.10.4=pegasusPlugin,restClient,restClientCompile,testRestClient
empty=annotationProcessor,avroSchema,avroSchemaGenerator,dataTemplateGenerator,generatedJavadoc,generatedSources,mainGeneratedDataTemplateAnnotationProcessor,mainGeneratedDataTemplateCompileClasspath,mainGeneratedDataTemplateRuntimeClasspath,mainGeneratedRestAnnotationProcessor,mainGeneratedRestCompileClasspath,mainGeneratedRestRuntimeClasspath,restModel,restTools,schemaAnnotationHandler,testAnnotationProcessor,testAvroSchema,testGeneratedDataTemplateAnnotationProcessor,testGeneratedDataTemplateCompileClasspath,testGeneratedDataTemplateRuntimeClasspath,testGeneratedJavadoc,testGeneratedSources,testRestModel
