# This is a Gradle generated file for dependency locking.
# Manual edits can break the build and are not advised.
# This file is expected to be part of source control.
antlr:antlr:2.7.7=compileClasspath,runtimeClasspath,testCompileClasspath,testRuntimeClasspath
at.yawk.lz4:lz4-java:1.10.1=compileClasspath,provided,runtimeClasspath,testCompileClasspath,testRuntimeClasspath
com.clearspring.analytics:stream:2.9.6=compileClasspath,provided,runtimeClasspath,testCompileClasspath,testRuntimeClasspath
com.eclipsesource.minimal-json:minimal-json:0.9.5=runtimeClasspath,testRuntimeClasspath
com.esotericsoftware:kryo-shaded:4.0.2=compileClasspath,provided,runtimeClasspath,testCompileClasspath,testRuntimeClasspath
com.esotericsoftware:minlog:1.3.0=compileClasspath,provided,runtimeClasspath,testCompileClasspath,testRuntimeClasspath
com.fasterxml.jackson.core:jackson-annotations:2.18.4=compileClasspath,provided,runtimeClasspath,testCompileClasspath,testRuntimeClasspath
com.fasterxml.jackson.core:jackson-core:2.18.4=compileClasspath,provided,runtimeClasspath,testCompileClasspath,testRuntimeClasspath
com.fasterxml.jackson.core:jackson-databind:2.18.4=compileClasspath,provided,runtimeClasspath,testCompileClasspath,testRuntimeClasspath
com.fasterxml.jackson.dataformat:jackson-dataformat-csv:2.18.4=runtimeClasspath,testRuntimeClasspath
com.fasterxml.jackson.dataformat:jackson-dataformat-smile:2.18.4=compileClasspath,runtimeClasspath,testCompileClasspath,testRuntimeClasspath
com.fasterxml.jackson.dataformat:jackson-dataformat-yaml:2.18.4=runtimeClasspath,testCompileClasspath,testRuntimeClasspath
com.fasterxml.jackson.datatype:jackson-datatype-jdk8:2.18.4=runtimeClasspath,testRuntimeClasspath
com.fasterxml.jackson.datatype:jackson-datatype-jsr310:2.18.4=testCompileClasspath,testRuntimeClasspath
com.fasterxml.jackson.module:jackson-module-scala_2.12:2.18.4=compileClasspath,provided,runtimeClasspath,testCompileClasspath,testRuntimeClasspath
com.fasterxml.jackson:jackson-bom:2.18.4=compileClasspath,provided,runtimeClasspath,testCompileClasspath,testRuntimeClasspath
com.fasterxml.uuid:java-uuid-generator:4.0.1=testCompileClasspath,testRuntimeClasspath
com.fasterxml.woodstox:woodstox-core:5.4.0=compileClasspath,provided,runtimeClasspath,testCompileClasspath,testRuntimeClasspath
com.github.ben-manes.caffeine:caffeine:2.7.0=compileClasspath,runtimeClasspath,testCompileClasspath,testRuntimeClasspath
com.github.docker-java:docker-java-api:3.4.2=testCompileClasspath,testRuntimeClasspath
com.github.docker-java:docker-java-transport-zerodep:3.4.2=testCompileClasspath,testRuntimeClasspath
com.github.docker-java:docker-java-transport:3.4.2=testCompileClasspath,testRuntimeClasspath
com.github.java-json-tools:btf:1.3=testCompileClasspath,testRuntimeClasspath
com.github.java-json-tools:jackson-coreutils-equivalence:1.0=testCompileClasspath,testRuntimeClasspath
com.github.java-json-tools:jackson-coreutils:2.0=testCompileClasspath,testRuntimeClasspath
com.github.java-json-tools:json-schema-core:1.2.14=testCompileClasspath,testRuntimeClasspath
com.github.java-json-tools:json-schema-validator:2.2.14=testCompileClasspath,testRuntimeClasspath
com.github.java-json-tools:msg-simple:1.2=testCompileClasspath,testRuntimeClasspath
com.github.java-json-tools:uri-template:0.10=testCompileClasspath,testRuntimeClasspath
com.github.joshelser:dropwizard-metrics-hadoop-metrics2-reporter:0.1.2=compileClasspath,provided,runtimeClasspath,testCompileClasspath,testRuntimeClasspath
com.github.luben:zstd-jni:1.5.2-1=compileClasspath,provided,testCompileClasspath
com.github.luben:zstd-jni:1.5.6-6=runtimeClasspath,testRuntimeClasspath
com.github.pjfanning:jersey-json:1.20=compileClasspath,provided,runtimeClasspath,testCompileClasspath,testRuntimeClasspath
com.google.code.findbugs:jsr305:3.0.2=compileClasspath,provided,runtimeClasspath,spotless865458226,testCompileClasspath,testRuntimeClasspath
com.google.code.gson:gson:2.12.0=compileClasspath,provided,runtimeClasspath,testCompileClasspath,testRuntimeClasspath
com.google.crypto.tink:tink:1.6.1=compileClasspath,provided,runtimeClasspath,testCompileClasspath,testRuntimeClasspath
com.google.errorprone:error_prone_annotations:2.21.1=spotless865458226
com.google.errorprone:error_prone_annotations:2.36.0=provided,runtimeClasspath,testRuntimeClasspath
com.google.errorprone:error_prone_annotations:2.38.0=compileClasspath,testCompileClasspath
com.google.flatbuffers:flatbuffers-java:1.12.0=compileClasspath,provided,runtimeClasspath,testCompileClasspath,testRuntimeClasspath
com.google.googlejavaformat:google-java-format:1.18.1=spotless865458226
com.google.guava:failureaccess:1.0.1=compileClasspath,provided,runtimeClasspath,spotless865458226,testCompileClasspath,testRuntimeClasspath
com.google.guava:guava:27.0.1-jre=compileClasspath,provided
com.google.guava:guava:30.0-android=testCompileClasspath
com.google.guava:guava:32.1.3-jre=runtimeClasspath,spotless865458226,testRuntimeClasspath
com.google.guava:listenablefuture:9999.0-empty-to-avoid-conflict-with-guava=compileClasspath,provided,runtimeClasspath,spotless865458226,testCompileClasspath,testRuntimeClasspath
com.google.j2objc:j2objc-annotations:1.1=compileClasspath,provided
com.google.j2objc:j2objc-annotations:1.3=testCompileClasspath
com.google.protobuf:protobuf-java:3.14.0=provided
com.google.protobuf:protobuf-java:4.32.0=compileClasspath,runtimeClasspath,testCompileClasspath,testRuntimeClasspath
com.google.re2j:re2j:1.1=compileClasspath,provided,testCompileClasspath
com.google.re2j:re2j:1.6=runtimeClasspath,testRuntimeClasspath
com.googlecode.libphonenumber:libphonenumber:8.11.1=testCompileClasspath,testRuntimeClasspath
com.ibm.icu:icu4j:69.1=compileClasspath,runtimeClasspath,testCompileClasspath,testRuntimeClasspath
com.jayway.jsonpath:json-path:2.4.0=testCompileClasspath,testRuntimeClasspath
com.jcraft:jsch:0.1.55=compileClasspath,provided,runtimeClasspath,testCompileClasspath,testRuntimeClasspath
com.jcraft:jzlib:1.1.3=testCompileClasspath,testRuntimeClasspath
com.jolbox:bonecp:0.8.0.RELEASE=compileClasspath,provided,runtimeClasspath,testCompileClasspath,testRuntimeClasspath
com.linkedin.pegasus:data:29.74.2=compileClasspath,runtimeClasspath,testCompileClasspath,testRuntimeClasspath
com.linkedin.pegasus:entity-stream:29.74.2=compileClasspath,runtimeClasspath,testCompileClasspath,testRuntimeClasspath
com.linkedin.pegasus:li-protobuf:29.74.2=compileClasspath,runtimeClasspath,testCompileClasspath,testRuntimeClasspath
com.linkedin.pegasus:pegasus-common:29.74.2=compileClasspath,runtimeClasspath,testCompileClasspath,testRuntimeClasspath
com.lmax:disruptor:3.4.2=testCompileClasspath,testRuntimeClasspath
com.nimbusds:nimbus-jose-jwt:10.0.2=compileClasspath,provided,runtimeClasspath,testCompileClasspath,testRuntimeClasspath
com.ning:compress-lzf:1.1=compileClasspath,provided,runtimeClasspath,testCompileClasspath,testRuntimeClasspath
com.sun.jersey:jersey-core:1.19.4=compileClasspath,provided,runtimeClasspath,testCompileClasspath,testRuntimeClasspath
com.sun.jersey:jersey-server:1.19.4=compileClasspath,provided,runtimeClasspath,testCompileClasspath,testRuntimeClasspath
com.sun.jersey:jersey-servlet:1.19.4=compileClasspath,provided,runtimeClasspath,testCompileClasspath,testRuntimeClasspath
com.sun.mail:mailapi:1.6.2=testCompileClasspath,testRuntimeClasspath
com.sun.xml.bind:jaxb-impl:2.2.3-1=compileClasspath,provided,runtimeClasspath,testCompileClasspath,testRuntimeClasspath
com.tdunning:json:1.8=compileClasspath,provided,runtimeClasspath,testCompileClasspath,testRuntimeClasspath
com.thoughtworks.paranamer:paranamer:2.8=compileClasspath,provided,runtimeClasspath,testCompileClasspath,testRuntimeClasspath
com.twitter:chill-java:0.10.0=compileClasspath,provided,runtimeClasspath,testCompileClasspath,testRuntimeClasspath
com.twitter:chill_2.12:0.10.0=compileClasspath,provided,runtimeClasspath,testCompileClasspath,testRuntimeClasspath
com.typesafe:config:1.4.1=compileClasspath,runtimeClasspath,testCompileClasspath,testRuntimeClasspath
com.univocity:univocity-parsers:2.9.1=compileClasspath,provided,runtimeClasspath,testCompileClasspath,testRuntimeClasspath
com.zaxxer:HikariCP:2.5.1=compileClasspath,provided,runtimeClasspath,testCompileClasspath,testRuntimeClasspath
commons-cli:commons-cli:1.2=compileClasspath,provided,runtimeClasspath,testCompileClasspath,testRuntimeClasspath
commons-codec:commons-codec:1.17.1=compileClasspath,provided,runtimeClasspath,testCompileClasspath,testRuntimeClasspath
commons-dbcp:commons-dbcp:1.4=compileClasspath,provided,runtimeClasspath,testCompileClasspath,testRuntimeClasspath
commons-io:commons-io:2.17.0=compileClasspath,provided,runtimeClasspath,testCompileClasspath,testRuntimeClasspath
commons-logging:commons-logging:1.2=compileClasspath,provided,runtimeClasspath,testCompileClasspath,testRuntimeClasspath
commons-net:commons-net:3.9.0=compileClasspath,provided,runtimeClasspath,testCompileClasspath,testRuntimeClasspath
commons-pool:commons-pool:1.5.4=compileClasspath,provided,runtimeClasspath,testCompileClasspath,testRuntimeClasspath
dnsjava:dnsjava:3.6.0=compileClasspath,provided,runtimeClasspath,testCompileClasspath,testRuntimeClasspath
io.airlift:aircompressor:0.21=compileClasspath,provided,runtimeClasspath,testCompileClasspath,testRuntimeClasspath
io.confluent:common-utils:8.0.0=runtimeClasspath,testRuntimeClasspath
io.confluent:kafka-avro-serializer:8.0.0=runtimeClasspath,testRuntimeClasspath
io.confluent:kafka-schema-registry-client:8.0.0=runtimeClasspath,testRuntimeClasspath
io.confluent:kafka-schema-serializer:8.0.0=runtimeClasspath,testRuntimeClasspath
io.confluent:logredactor-metrics:1.0.13=runtimeClasspath,testRuntimeClasspath
io.confluent:logredactor:1.0.13=runtimeClasspath,testRuntimeClasspath
io.delta:delta-core_2.12:1.0.0=compileClasspath
io.dropwizard.metrics:metrics-core:4.2.7=compileClasspath,provided,runtimeClasspath,testCompileClasspath,testRuntimeClasspath
io.dropwizard.metrics:metrics-graphite:4.2.7=compileClasspath,provided,runtimeClasspath,testCompileClasspath,testRuntimeClasspath
io.dropwizard.metrics:metrics-jmx:4.2.7=compileClasspath,provided,runtimeClasspath,testCompileClasspath,testRuntimeClasspath
io.dropwizard.metrics:metrics-json:4.2.7=compileClasspath,provided,runtimeClasspath,testCompileClasspath,testRuntimeClasspath
io.dropwizard.metrics:metrics-jvm:4.2.7=compileClasspath,provided,runtimeClasspath,testCompileClasspath,testRuntimeClasspath
io.github.classgraph:classgraph:4.8.172=compileClasspath,runtimeClasspath,testCompileClasspath,testRuntimeClasspath
io.github.spark-redshift-community:spark-redshift_2.12:6.2.0-spark_3.3=compileClasspath
io.jsonwebtoken:jjwt-api:0.10.5=compileClasspath,provided,runtimeClasspath,testCompileClasspath,testRuntimeClasspath
io.jsonwebtoken:jjwt-impl:0.10.5=compileClasspath,provided,runtimeClasspath,testCompileClasspath,testRuntimeClasspath
io.jsonwebtoken:jjwt-jackson:0.10.5=compileClasspath,provided,runtimeClasspath,testCompileClasspath,testRuntimeClasspath
io.netty:netty-all:4.1.130.Final=compileClasspath,runtimeClasspath,testCompileClasspath,testRuntimeClasspath
io.netty:netty-all:4.1.74.Final=provided
io.netty:netty-buffer:4.1.130.Final=compileClasspath,runtimeClasspath,testCompileClasspath,testRuntimeClasspath
io.netty:netty-buffer:4.1.74.Final=provided
io.netty:netty-codec-http2:4.1.118.Final=runtimeClasspath,testRuntimeClasspath
io.netty:netty-codec-http:4.1.118.Final=runtimeClasspath,testRuntimeClasspath
io.netty:netty-codec-http:4.1.53.Final=testCompileClasspath
io.netty:netty-codec-socks:4.1.53.Final=testCompileClasspath,testRuntimeClasspath
io.netty:netty-codec:4.1.130.Final=compileClasspath,runtimeClasspath,testCompileClasspath,testRuntimeClasspath
io.netty:netty-codec:4.1.74.Final=provided
io.netty:netty-common:4.1.130.Final=compileClasspath,runtimeClasspath,testCompileClasspath,testRuntimeClasspath
io.netty:netty-common:4.1.74.Final=provided
io.netty:netty-handler-proxy:4.1.53.Final=testCompileClasspath,testRuntimeClasspath
io.netty:netty-handler-ssl-ocsp:4.1.130.Final=compileClasspath,runtimeClasspath,testCompileClasspath,testRuntimeClasspath
io.netty:netty-handler:4.1.130.Final=compileClasspath,runtimeClasspath,testCompileClasspath,testRuntimeClasspath
io.netty:netty-handler:4.1.74.Final=provided
io.netty:netty-resolver:4.1.130.Final=compileClasspath,runtimeClasspath,testCompileClasspath,testRuntimeClasspath
io.netty:netty-resolver:4.1.74.Final=provided
io.netty:netty-tcnative-classes:2.0.48.Final=provided
io.netty:netty-transport-classes-epoll:4.1.130.Final=compileClasspath,runtimeClasspath,testCompileClasspath,testRuntimeClasspath
io.netty:netty-transport-classes-epoll:4.1.74.Final=provided
io.netty:netty-transport-classes-kqueue:4.1.130.Final=compileClasspath,runtimeClasspath,testCompileClasspath,testRuntimeClasspath
io.netty:netty-transport-classes-kqueue:4.1.74.Final=provided
io.netty:netty-transport-native-epoll:4.1.130.Final=compileClasspath,runtimeClasspath,testCompileClasspath,testRuntimeClasspath
io.netty:netty-transport-native-epoll:4.1.74.Final=provided
io.netty:netty-transport-native-kqueue:4.1.130.Final=runtimeClasspath,testRuntimeClasspath
io.netty:netty-transport-native-kqueue:4.1.74.Final=provided
io.netty:netty-transport-native-unix-common:4.1.130.Final=compileClasspath,runtimeClasspath,testCompileClasspath,testRuntimeClasspath
io.netty:netty-transport-native-unix-common:4.1.74.Final=provided
io.netty:netty-transport:4.1.130.Final=compileClasspath,runtimeClasspath,testCompileClasspath,testRuntimeClasspath
io.netty:netty-transport:4.1.74.Final=provided
io.openlineage:openlineage-spark_2.12:1.33.0=compileClasspath,runtimeClasspath,testCompileClasspath,testRuntimeClasspath
io.swagger.core.v3:swagger-annotations:2.1.5=testCompileClasspath
io.swagger.core.v3:swagger-annotations:2.2.29=runtimeClasspath,testRuntimeClasspath
io.swagger.core.v3:swagger-core:2.1.5=testCompileClasspath,testRuntimeClasspath
io.swagger.core.v3:swagger-models:2.1.5=testCompileClasspath,testRuntimeClasspath
io.swagger.parser.v3:swagger-parser-core:2.0.23=testCompileClasspath,testRuntimeClasspath
io.swagger.parser.v3:swagger-parser-v2-converter:2.0.23=testCompileClasspath,testRuntimeClasspath
io.swagger.parser.v3:swagger-parser-v3:2.0.23=testCompileClasspath,testRuntimeClasspath
io.swagger.parser.v3:swagger-parser:2.0.23=testCompileClasspath,testRuntimeClasspath
io.swagger:swagger-annotations:1.6.2=testCompileClasspath,testRuntimeClasspath
io.swagger:swagger-compat-spec-parser:1.0.52=testCompileClasspath,testRuntimeClasspath
io.swagger:swagger-core:1.6.2=testCompileClasspath,testRuntimeClasspath
io.swagger:swagger-models:1.6.2=testCompileClasspath,testRuntimeClasspath
io.swagger:swagger-parser:1.0.52=testCompileClasspath,testRuntimeClasspath
jakarta.activation:jakarta.activation-api:1.2.1=provided,runtimeClasspath,testCompileClasspath,testRuntimeClasspath
jakarta.annotation:jakarta.annotation-api:1.3.5=compileClasspath,provided,runtimeClasspath,testCompileClasspath,testRuntimeClasspath
jakarta.json:jakarta.json-api:2.1.3=compileClasspath,runtimeClasspath,testCompileClasspath,testRuntimeClasspath
jakarta.servlet:jakarta.servlet-api:4.0.3=compileClasspath,provided,runtimeClasspath,testCompileClasspath,testRuntimeClasspath
jakarta.validation:jakarta.validation-api:2.0.2=compileClasspath,provided,runtimeClasspath,testCompileClasspath,testRuntimeClasspath
jakarta.ws.rs:jakarta.ws.rs-api:2.1.6=compileClasspath,provided,runtimeClasspath,testCompileClasspath,testRuntimeClasspath
jakarta.xml.bind:jakarta.xml.bind-api:2.3.2=testCompileClasspath,testRuntimeClasspath
javax.activation:activation:1.1.1=compileClasspath,provided,runtimeClasspath,testCompileClasspath,testRuntimeClasspath
javax.activation:javax.activation-api:1.2.0=testCompileClasspath,testRuntimeClasspath
javax.annotation:javax.annotation-api:1.3.2=compileClasspath,provided,runtimeClasspath,testCompileClasspath,testRuntimeClasspath
javax.jdo:jdo-api:3.0.1=compileClasspath,provided,runtimeClasspath,testCompileClasspath,testRuntimeClasspath
javax.servlet.jsp:jsp-api:2.1=provided,runtimeClasspath,testRuntimeClasspath
javax.servlet:javax.servlet-api:3.1.0=compileClasspath,provided,runtimeClasspath
javax.servlet:javax.servlet-api:4.0.1=testCompileClasspath,testRuntimeClasspath
javax.transaction:jta:1.1=compileClasspath,provided,runtimeClasspath,testCompileClasspath,testRuntimeClasspath
javax.transaction:transaction-api:1.1=compileClasspath,provided,runtimeClasspath,testCompileClasspath,testRuntimeClasspath
javax.validation:validation-api:1.1.0.Final=testCompileClasspath,testRuntimeClasspath
javax.ws.rs:jsr311-api:1.1.1=compileClasspath,provided,runtimeClasspath,testCompileClasspath,testRuntimeClasspath
javax.xml.bind:jaxb-api:2.2.2=compileClasspath,provided,runtimeClasspath
javax.xml.bind:jaxb-api:2.4.0-b180830.0359=testCompileClasspath,testRuntimeClasspath
javax.xml.stream:stax-api:1.0-2=compileClasspath,provided,runtimeClasspath
javolution:javolution:5.5.1=compileClasspath,provided,runtimeClasspath,testCompileClasspath,testRuntimeClasspath
jline:jline:2.12=compileClasspath,provided,runtimeClasspath,testCompileClasspath,testRuntimeClasspath
joda-time:joda-time:2.10.13=compileClasspath,provided,runtimeClasspath,testCompileClasspath,testRuntimeClasspath
junit:junit:4.13.2=testCompileClasspath,testRuntimeClasspath
net.bytebuddy:byte-buddy-agent:1.12.19=testCompileClasspath,testRuntimeClasspath
net.bytebuddy:byte-buddy:1.12.19=testCompileClasspath,testRuntimeClasspath
net.java.dev.jna:jna:5.12.1=runtimeClasspath
net.java.dev.jna:jna:5.13.0=testCompileClasspath,testRuntimeClasspath
net.javacrumbs.json-unit:json-unit-core:2.19.0=testCompileClasspath,testRuntimeClasspath
net.minidev:accessors-smart:1.2=testCompileClasspath,testRuntimeClasspath
net.minidev:json-smart:2.3=testCompileClasspath,testRuntimeClasspath
net.razorvine:pickle:1.2=compileClasspath,provided,runtimeClasspath,testCompileClasspath,testRuntimeClasspath
net.sf.jopt-simple:jopt-simple:5.0.4=testCompileClasspath,testRuntimeClasspath
net.sf.opencsv:opencsv:2.3=compileClasspath,provided,runtimeClasspath,testCompileClasspath,testRuntimeClasspath
net.sf.py4j:py4j:0.10.9.5=compileClasspath,provided,runtimeClasspath,testCompileClasspath,testRuntimeClasspath
org.abego.treelayout:org.abego.treelayout.core:1.0.3=compileClasspath,runtimeClasspath,testCompileClasspath,testRuntimeClasspath
org.antlr:ST4:4.0.4=provided
org.antlr:ST4:4.3.1=compileClasspath,runtimeClasspath,testCompileClasspath,testRuntimeClasspath
org.antlr:antlr-runtime:3.5.2=compileClasspath,provided,runtimeClasspath,testCompileClasspath,testRuntimeClasspath
org.antlr:antlr4-runtime:4.9.3=compileClasspath,provided,runtimeClasspath,testCompileClasspath,testRuntimeClasspath
org.antlr:antlr4:4.9.3=compileClasspath,runtimeClasspath,testCompileClasspath,testRuntimeClasspath
org.apache.arrow:arrow-format:7.0.0=compileClasspath,provided,runtimeClasspath,testCompileClasspath,testRuntimeClasspath
org.apache.arrow:arrow-memory-core:7.0.0=compileClasspath,provided,runtimeClasspath,testCompileClasspath,testRuntimeClasspath
org.apache.arrow:arrow-memory-netty:7.0.0=compileClasspath,provided,runtimeClasspath,testCompileClasspath,testRuntimeClasspath
org.apache.arrow:arrow-vector:7.0.0=compileClasspath,provided,runtimeClasspath,testCompileClasspath,testRuntimeClasspath
org.apache.avro:avro-ipc:1.11.0=compileClasspath,provided,runtimeClasspath,testCompileClasspath,testRuntimeClasspath
org.apache.avro:avro-mapred:1.11.0=compileClasspath,provided,runtimeClasspath,testCompileClasspath,testRuntimeClasspath
org.apache.avro:avro:1.11.0=compileClasspath,provided,testCompileClasspath
org.apache.avro:avro:1.11.4=runtimeClasspath,testRuntimeClasspath
org.apache.commons:commons-collections4:4.5.0=compileClasspath,provided,runtimeClasspath,testCompileClasspath,testRuntimeClasspath
org.apache.commons:commons-compress:1.27.1=compileClasspath,provided,runtimeClasspath,testCompileClasspath,testRuntimeClasspath
org.apache.commons:commons-configuration2:2.10.1=compileClasspath,provided,runtimeClasspath,testCompileClasspath,testRuntimeClasspath
org.apache.commons:commons-crypto:1.1.0=compileClasspath,provided,runtimeClasspath,testCompileClasspath,testRuntimeClasspath
org.apache.commons:commons-lang3:3.18.0=compileClasspath,provided,runtimeClasspath,testCompileClasspath,testRuntimeClasspath
org.apache.commons:commons-math3:3.6.1=compileClasspath,provided,runtimeClasspath,testCompileClasspath,testRuntimeClasspath
org.apache.commons:commons-text:1.11.0=compileClasspath,provided,runtimeClasspath,testCompileClasspath,testRuntimeClasspath
org.apache.curator:curator-client:5.2.0=compileClasspath,provided,runtimeClasspath,testCompileClasspath,testRuntimeClasspath
org.apache.curator:curator-framework:5.2.0=compileClasspath,provided,runtimeClasspath,testCompileClasspath,testRuntimeClasspath
org.apache.curator:curator-recipes:5.2.0=compileClasspath,provided,runtimeClasspath,testCompileClasspath,testRuntimeClasspath
org.apache.derby:derby:10.14.2.0=compileClasspath,provided,runtimeClasspath,testCompileClasspath,testRuntimeClasspath
org.apache.hadoop.thirdparty:hadoop-shaded-guava:1.1.1=compileClasspath,provided,runtimeClasspath,testCompileClasspath,testRuntimeClasspath
org.apache.hadoop.thirdparty:hadoop-shaded-protobuf_3_7:1.1.1=compileClasspath,provided,runtimeClasspath,testCompileClasspath,testRuntimeClasspath
org.apache.hadoop:hadoop-annotations:3.3.6=compileClasspath,provided,runtimeClasspath,testCompileClasspath,testRuntimeClasspath
org.apache.hadoop:hadoop-auth:3.3.6=compileClasspath,provided,runtimeClasspath,testCompileClasspath,testRuntimeClasspath
org.apache.hadoop:hadoop-aws:3.3.3=compileClasspath
org.apache.hadoop:hadoop-client-api:3.3.2=compileClasspath,provided,runtimeClasspath,testCompileClasspath,testRuntimeClasspath
org.apache.hadoop:hadoop-client-runtime:3.3.2=compileClasspath,provided,runtimeClasspath,testCompileClasspath,testRuntimeClasspath
org.apache.hadoop:hadoop-common:3.3.6=compileClasspath,provided,runtimeClasspath,testCompileClasspath,testRuntimeClasspath
org.apache.hive.shims:hive-shims-0.23:2.3.9=provided,runtimeClasspath,testRuntimeClasspath
org.apache.hive.shims:hive-shims-common:2.3.9=compileClasspath,provided,runtimeClasspath,testCompileClasspath,testRuntimeClasspath
org.apache.hive.shims:hive-shims-scheduler:2.3.9=provided,runtimeClasspath,testRuntimeClasspath
org.apache.hive:hive-common:2.3.9=compileClasspath,provided,runtimeClasspath,testCompileClasspath,testRuntimeClasspath
org.apache.hive:hive-exec:2.3.9=compileClasspath,provided,runtimeClasspath,testCompileClasspath,testRuntimeClasspath
org.apache.hive:hive-llap-client:2.3.9=compileClasspath,provided,runtimeClasspath,testCompileClasspath,testRuntimeClasspath
org.apache.hive:hive-llap-common:4.0.0=compileClasspath,provided,runtimeClasspath,testCompileClasspath,testRuntimeClasspath
org.apache.hive:hive-metastore:2.3.9=compileClasspath,provided,runtimeClasspath,testCompileClasspath,testRuntimeClasspath
org.apache.hive:hive-serde:2.3.9=compileClasspath,provided,runtimeClasspath,testCompileClasspath,testRuntimeClasspath
org.apache.hive:hive-shims:2.3.9=compileClasspath,provided,runtimeClasspath,testCompileClasspath,testRuntimeClasspath
org.apache.hive:hive-storage-api:2.7.2=compileClasspath,provided,runtimeClasspath,testCompileClasspath,testRuntimeClasspath
org.apache.hive:hive-vector-code-gen:2.3.9=compileClasspath,provided,runtimeClasspath,testCompileClasspath,testRuntimeClasspath
org.apache.httpcomponents.client5:httpclient5:5.4.3=compileClasspath,runtimeClasspath,testCompileClasspath,testRuntimeClasspath
org.apache.httpcomponents.core5:httpcore5-h2:5.3.4=compileClasspath,runtimeClasspath,testCompileClasspath,testRuntimeClasspath
org.apache.httpcomponents.core5:httpcore5:5.3.4=compileClasspath,runtimeClasspath,testCompileClasspath,testRuntimeClasspath
org.apache.httpcomponents:httpclient:4.5.13=compileClasspath,provided,runtimeClasspath,testCompileClasspath,testRuntimeClasspath
org.apache.httpcomponents:httpcore:4.4.13=compileClasspath,provided,testCompileClasspath
org.apache.httpcomponents:httpcore:4.4.16=runtimeClasspath,testRuntimeClasspath
org.apache.iceberg:iceberg-spark3-runtime:0.12.1=compileClasspath
org.apache.ivy:ivy:2.5.1=compileClasspath,provided,runtimeClasspath,testCompileClasspath,testRuntimeClasspath
org.apache.kafka:kafka-clients:8.0.0-ccs=runtimeClasspath,testRuntimeClasspath
org.apache.kerby:kerb-admin:1.0.1=compileClasspath,provided,runtimeClasspath,testCompileClasspath,testRuntimeClasspath
org.apache.kerby:kerb-client:1.0.1=compileClasspath,provided,runtimeClasspath,testCompileClasspath,testRuntimeClasspath
org.apache.kerby:kerb-common:1.0.1=compileClasspath,provided,runtimeClasspath,testCompileClasspath,testRuntimeClasspath
org.apache.kerby:kerb-core:1.0.1=compileClasspath,provided,runtimeClasspath,testCompileClasspath,testRuntimeClasspath
org.apache.kerby:kerb-crypto:1.0.1=compileClasspath,provided,runtimeClasspath,testCompileClasspath,testRuntimeClasspath
org.apache.kerby:kerb-identity:1.0.1=compileClasspath,provided,runtimeClasspath,testCompileClasspath,testRuntimeClasspath
org.apache.kerby:kerb-server:1.0.1=compileClasspath,provided,runtimeClasspath,testCompileClasspath,testRuntimeClasspath
org.apache.kerby:kerb-simplekdc:1.0.1=compileClasspath,provided,runtimeClasspath,testCompileClasspath,testRuntimeClasspath
org.apache.kerby:kerb-util:1.0.1=compileClasspath,provided,runtimeClasspath,testCompileClasspath,testRuntimeClasspath
org.apache.kerby:kerby-asn1:1.0.1=compileClasspath,provided,runtimeClasspath,testCompileClasspath,testRuntimeClasspath
org.apache.kerby:kerby-config:1.0.1=compileClasspath,provided,runtimeClasspath,testCompileClasspath,testRuntimeClasspath
org.apache.kerby:kerby-pkix:1.0.1=compileClasspath,provided,runtimeClasspath,testCompileClasspath,testRuntimeClasspath
org.apache.kerby:kerby-util:1.0.1=compileClasspath,provided,runtimeClasspath,testCompileClasspath,testRuntimeClasspath
org.apache.kerby:kerby-xdr:1.0.1=compileClasspath,provided,runtimeClasspath,testCompileClasspath,testRuntimeClasspath
org.apache.kerby:token-provider:1.0.1=compileClasspath,provided,runtimeClasspath,testCompileClasspath,testRuntimeClasspath
org.apache.logging.log4j:log4j-1.2-api:2.17.2=compileClasspath,provided,runtimeClasspath,testCompileClasspath,testRuntimeClasspath
org.apache.logging.log4j:log4j-api:2.17.2=provided
org.apache.logging.log4j:log4j-api:2.25.3=compileClasspath,runtimeClasspath,testCompileClasspath,testRuntimeClasspath
org.apache.logging.log4j:log4j-core:2.17.2=provided
org.apache.logging.log4j:log4j-core:2.25.3=compileClasspath,runtimeClasspath,testCompileClasspath,testRuntimeClasspath
org.apache.logging.log4j:log4j-slf4j-impl:2.17.2=compileClasspath,provided,runtimeClasspath,testCompileClasspath,testRuntimeClasspath
org.apache.maven:maven-artifact:3.8.1=compileClasspath,runtimeClasspath,testCompileClasspath,testRuntimeClasspath
org.apache.orc:orc-core:1.7.10=compileClasspath,provided,runtimeClasspath,testCompileClasspath,testRuntimeClasspath
org.apache.orc:orc-mapreduce:1.7.10=compileClasspath,provided,runtimeClasspath,testCompileClasspath,testRuntimeClasspath
org.apache.orc:orc-shims:1.7.10=compileClasspath,provided,runtimeClasspath,testCompileClasspath,testRuntimeClasspath
org.apache.parquet:parquet-column:1.12.2=compileClasspath,provided,runtimeClasspath,testCompileClasspath,testRuntimeClasspath
org.apache.parquet:parquet-common:1.12.2=compileClasspath,provided,runtimeClasspath,testCompileClasspath,testRuntimeClasspath
org.apache.parquet:parquet-encoding:1.12.2=compileClasspath,provided,runtimeClasspath,testCompileClasspath,testRuntimeClasspath
org.apache.parquet:parquet-format-structures:1.12.2=compileClasspath,provided,runtimeClasspath,testCompileClasspath,testRuntimeClasspath
org.apache.parquet:parquet-hadoop:1.12.2=compileClasspath,provided,runtimeClasspath,testCompileClasspath,testRuntimeClasspath
org.apache.parquet:parquet-jackson:1.12.2=compileClasspath,provided,runtimeClasspath,testCompileClasspath,testRuntimeClasspath
org.apache.spark:spark-catalyst_2.12:3.3.4=compileClasspath,provided,runtimeClasspath,testCompileClasspath,testRuntimeClasspath
org.apache.spark:spark-core_2.12:3.3.4=compileClasspath,provided,runtimeClasspath,testCompileClasspath,testRuntimeClasspath
org.apache.spark:spark-hive_2.12:3.3.4=compileClasspath,provided,runtimeClasspath,testCompileClasspath,testRuntimeClasspath
org.apache.spark:spark-kvstore_2.12:3.3.4=compileClasspath,provided,runtimeClasspath,testCompileClasspath,testRuntimeClasspath
org.apache.spark:spark-launcher_2.12:3.3.4=compileClasspath,provided,runtimeClasspath,testCompileClasspath,testRuntimeClasspath
org.apache.spark:spark-network-common_2.12:3.3.4=compileClasspath,provided,runtimeClasspath,testCompileClasspath,testRuntimeClasspath
org.apache.spark:spark-network-shuffle_2.12:3.3.4=compileClasspath,provided,runtimeClasspath,testCompileClasspath,testRuntimeClasspath
org.apache.spark:spark-sketch_2.12:3.3.4=compileClasspath,provided,runtimeClasspath,testCompileClasspath,testRuntimeClasspath
org.apache.spark:spark-sql_2.12:3.3.4=compileClasspath,provided,runtimeClasspath,testCompileClasspath,testRuntimeClasspath
org.apache.spark:spark-tags_2.12:3.3.4=compileClasspath,provided,runtimeClasspath,testCompileClasspath,testRuntimeClasspath
org.apache.spark:spark-unsafe_2.12:3.3.4=compileClasspath,provided,runtimeClasspath,testCompileClasspath,testRuntimeClasspath
org.apache.thrift:libfb303:0.9.3=compileClasspath,provided,runtimeClasspath,testCompileClasspath,testRuntimeClasspath
org.apache.thrift:libthrift:0.12.0=compileClasspath,provided,runtimeClasspath,testCompileClasspath,testRuntimeClasspath
org.apache.velocity:velocity-engine-core:2.4=compileClasspath,runtimeClasspath,testCompileClasspath,testRuntimeClasspath
org.apache.velocity:velocity-engine-scripting:2.2=testCompileClasspath,testRuntimeClasspath
org.apache.xbean:xbean-asm9-shaded:4.20=compileClasspath,provided,runtimeClasspath,testCompileClasspath,testRuntimeClasspath
org.apache.yetus:audience-annotations:0.12.0=compileClasspath,provided,runtimeClasspath,testCompileClasspath,testRuntimeClasspath
org.apache.zookeeper:zookeeper-jute:3.6.3=compileClasspath,provided,runtimeClasspath,testCompileClasspath,testRuntimeClasspath
org.apache.zookeeper:zookeeper:3.6.3=compileClasspath,provided,runtimeClasspath,testCompileClasspath,testRuntimeClasspath
org.apiguardian:apiguardian-api:1.1.2=testCompileClasspath
org.checkerframework:checker-compat-qual:2.5.5=testCompileClasspath
org.checkerframework:checker-qual:2.5.2=provided
org.checkerframework:checker-qual:2.6.0=compileClasspath,testCompileClasspath
org.checkerframework:checker-qual:3.37.0=runtimeClasspath,spotless865458226
org.checkerframework:checker-qual:3.49.5=testRuntimeClasspath
org.codehaus.janino:commons-compiler:3.0.16=compileClasspath,provided,runtimeClasspath,testCompileClasspath,testRuntimeClasspath
org.codehaus.janino:janino:3.0.16=compileClasspath,provided,runtimeClasspath,testCompileClasspath,testRuntimeClasspath
org.codehaus.jettison:jettison:1.5.2=compileClasspath,provided,runtimeClasspath,testCompileClasspath,testRuntimeClasspath
org.codehaus.mojo:animal-sniffer-annotations:1.17=compileClasspath,provided
org.codehaus.plexus:plexus-utils:3.2.1=compileClasspath,runtimeClasspath,testCompileClasspath,testRuntimeClasspath
org.codehaus.woodstox:stax2-api:4.2.1=compileClasspath,provided,runtimeClasspath,testCompileClasspath,testRuntimeClasspath
org.datanucleus:datanucleus-api-jdo:4.2.4=compileClasspath,provided,runtimeClasspath,testCompileClasspath,testRuntimeClasspath
org.datanucleus:datanucleus-core:4.1.17=compileClasspath,provided,runtimeClasspath,testCompileClasspath,testRuntimeClasspath
org.datanucleus:datanucleus-rdbms:4.1.19=compileClasspath,provided,runtimeClasspath,testCompileClasspath,testRuntimeClasspath
org.datanucleus:javax.jdo:3.2.0-m3=compileClasspath,provided,runtimeClasspath,testCompileClasspath,testRuntimeClasspath
org.eclipse.jetty:jetty-http:12.0.32=compileClasspath,provided,runtimeClasspath,testCompileClasspath,testRuntimeClasspath
org.eclipse.jetty:jetty-io:12.0.32=compileClasspath,provided,runtimeClasspath,testCompileClasspath,testRuntimeClasspath
org.eclipse.jetty:jetty-security:12.0.32=compileClasspath,provided,runtimeClasspath,testCompileClasspath,testRuntimeClasspath
org.eclipse.jetty:jetty-server:12.0.32=compileClasspath,provided,runtimeClasspath,testCompileClasspath,testRuntimeClasspath
org.eclipse.jetty:jetty-servlet:9.4.57.v20241219=compileClasspath,provided,runtimeClasspath,testCompileClasspath,testRuntimeClasspath
org.eclipse.jetty:jetty-util-ajax:9.4.57.v20241219=compileClasspath,provided,runtimeClasspath,testCompileClasspath,testRuntimeClasspath
org.eclipse.jetty:jetty-util:12.0.32=compileClasspath,provided,runtimeClasspath,testCompileClasspath,testRuntimeClasspath
org.eclipse.jetty:jetty-webapp:9.4.57.v20241219=compileClasspath,provided,runtimeClasspath,testCompileClasspath,testRuntimeClasspath
org.eclipse.jetty:jetty-xml:12.0.32=compileClasspath,provided,runtimeClasspath,testCompileClasspath,testRuntimeClasspath
org.eclipse.parsson:parsson:1.1.6=runtimeClasspath,testRuntimeClasspath
org.fusesource.leveldbjni:leveldbjni-all:1.8=compileClasspath,provided,runtimeClasspath,testCompileClasspath,testRuntimeClasspath
org.glassfish.hk2.external:aopalliance-repackaged:2.6.1=compileClasspath,provided,runtimeClasspath,testCompileClasspath,testRuntimeClasspath
org.glassfish.hk2.external:jakarta.inject:2.6.1=compileClasspath,provided,runtimeClasspath,testCompileClasspath,testRuntimeClasspath
org.glassfish.hk2:hk2-api:2.6.1=compileClasspath,provided,runtimeClasspath,testCompileClasspath,testRuntimeClasspath
org.glassfish.hk2:hk2-locator:2.6.1=compileClasspath,provided,runtimeClasspath,testCompileClasspath,testRuntimeClasspath
org.glassfish.hk2:hk2-utils:2.6.1=compileClasspath,provided,runtimeClasspath,testCompileClasspath,testRuntimeClasspath
org.glassfish.hk2:osgi-resource-locator:1.0.3=compileClasspath,provided,runtimeClasspath,testCompileClasspath,testRuntimeClasspath
org.glassfish.jersey.containers:jersey-container-servlet-core:2.36=compileClasspath,provided,runtimeClasspath,testCompileClasspath,testRuntimeClasspath
org.glassfish.jersey.containers:jersey-container-servlet:2.36=compileClasspath,provided,runtimeClasspath,testCompileClasspath,testRuntimeClasspath
org.glassfish.jersey.core:jersey-client:2.36=compileClasspath,provided,runtimeClasspath,testCompileClasspath,testRuntimeClasspath
org.glassfish.jersey.core:jersey-common:2.36=compileClasspath,provided,runtimeClasspath,testCompileClasspath,testRuntimeClasspath
org.glassfish.jersey.core:jersey-server:2.36=compileClasspath,provided,runtimeClasspath,testCompileClasspath,testRuntimeClasspath
org.glassfish.jersey.inject:jersey-hk2:2.36=compileClasspath,provided,runtimeClasspath,testCompileClasspath,testRuntimeClasspath
org.hamcrest:hamcrest-core:2.2=testCompileClasspath,testRuntimeClasspath
org.hamcrest:hamcrest:2.2=testCompileClasspath,testRuntimeClasspath
org.jacoco:org.jacoco.agent:0.8.12=jacocoAgent,jacocoAnt
org.jacoco:org.jacoco.ant:0.8.12=jacocoAnt
org.jacoco:org.jacoco.core:0.8.12=jacocoAnt
org.jacoco:org.jacoco.report:0.8.12=jacocoAnt
org.javassist:javassist:3.25.0-GA=compileClasspath,provided,testCompileClasspath
org.javassist:javassist:3.26.0-GA=runtimeClasspath,testRuntimeClasspath
org.jetbrains:annotations:17.0.0=compileClasspath,provided,runtimeClasspath,testCompileClasspath,testRuntimeClasspath
org.jodd:jodd-core:3.5.2=compileClasspath,provided,runtimeClasspath,testCompileClasspath,testRuntimeClasspath
org.json4s:json4s-ast_2.12:3.7.0-M11=compileClasspath,provided,runtimeClasspath,testCompileClasspath,testRuntimeClasspath
org.json4s:json4s-core_2.12:3.7.0-M11=compileClasspath,provided,runtimeClasspath,testCompileClasspath,testRuntimeClasspath
org.json4s:json4s-jackson_2.12:3.7.0-M11=compileClasspath,provided,runtimeClasspath,testCompileClasspath,testRuntimeClasspath
org.json4s:json4s-scalap_2.12:3.7.0-M11=compileClasspath,provided,runtimeClasspath,testCompileClasspath,testRuntimeClasspath
org.json:json:20231013=compileClasspath,runtimeClasspath,testCompileClasspath,testRuntimeClasspath
org.junit.jupiter:junit-jupiter-api:5.12.2=testCompileClasspath,testRuntimeClasspath
org.junit.jupiter:junit-jupiter-engine:5.12.2=testCompileClasspath,testRuntimeClasspath
org.junit.platform:junit-platform-commons:1.12.2=testCompileClasspath,testRuntimeClasspath
org.junit.platform:junit-platform-engine:1.12.2=testCompileClasspath,testRuntimeClasspath
org.junit.platform:junit-platform-launcher:1.12.2=testRuntimeClasspath
org.junit:junit-bom:5.12.2=testCompileClasspath,testRuntimeClasspath
org.mock-server:mockserver-client-java:5.11.2=testCompileClasspath,testRuntimeClasspath
org.mock-server:mockserver-core:5.11.2=testCompileClasspath,testRuntimeClasspath
org.mock-server:mockserver-netty:5.11.2=testCompileClasspath,testRuntimeClasspath
org.mockito:mockito-core:4.11.0=testCompileClasspath,testRuntimeClasspath
org.mozilla:rhino:1.7.12=testCompileClasspath,testRuntimeClasspath
org.objenesis:objenesis:2.5.1=compileClasspath,provided,runtimeClasspath,testCompileClasspath
org.objenesis:objenesis:3.3=testRuntimeClasspath
org.opentest4j:opentest4j:1.3.0=testCompileClasspath,testRuntimeClasspath
org.osgi:org.osgi.annotation.bundle:2.0.0=compileClasspath,testCompileClasspath
org.osgi:org.osgi.annotation.versioning:1.1.2=compileClasspath,testCompileClasspath
org.ow2.asm:asm-commons:9.7=jacocoAnt
org.ow2.asm:asm-tree:9.7=jacocoAnt
org.ow2.asm:asm:5.0.4=testCompileClasspath,testRuntimeClasspath
org.ow2.asm:asm:9.7=jacocoAnt
org.postgresql:postgresql:42.7.8=testCompileClasspath,testRuntimeClasspath
org.projectlombok:lombok:1.18.42=annotationProcessor,compileClasspath,testAnnotationProcessor,testCompileClasspath
org.reactivestreams:reactive-streams:1.0.4=runtimeClasspath,testRuntimeClasspath
org.reflections:reflections:0.9.12=runtimeClasspath,testRuntimeClasspath
org.rnorth.duct-tape:duct-tape:1.0.8=testCompileClasspath,testRuntimeClasspath
org.roaringbitmap:RoaringBitmap:0.9.25=compileClasspath,provided,runtimeClasspath,testCompileClasspath,testRuntimeClasspath
org.roaringbitmap:shims:0.9.25=provided,runtimeClasspath,testRuntimeClasspath
org.rocksdb:rocksdbjni:6.20.3=compileClasspath,provided,runtimeClasspath,testCompileClasspath,testRuntimeClasspath
org.scala-lang.modules:scala-parser-combinators_2.12:1.1.2=compileClasspath,provided,runtimeClasspath,testCompileClasspath,testRuntimeClasspath
org.scala-lang.modules:scala-xml_2.12:1.2.0=compileClasspath,provided,runtimeClasspath,testCompileClasspath,testRuntimeClasspath
org.scala-lang:scala-library:2.12.20=compileClasspath,provided,runtimeClasspath,testCompileClasspath,testRuntimeClasspath
org.scala-lang:scala-reflect:2.12.15=compileClasspath,provided,runtimeClasspath,testCompileClasspath,testRuntimeClasspath
org.slf4j:jcl-over-slf4j:1.7.32=compileClasspath,provided,runtimeClasspath,testCompileClasspath,testRuntimeClasspath
org.slf4j:jul-to-slf4j:1.7.32=compileClasspath,provided,runtimeClasspath,testCompileClasspath,testRuntimeClasspath
org.slf4j:slf4j-api:1.7.33=provided
org.slf4j:slf4j-api:1.7.36=runtimeClasspath,testCompileClasspath,testRuntimeClasspath
org.slf4j:slf4j-api:2.0.7=compileClasspath
org.spark-project.spark:unused:1.0.0=compileClasspath,provided,runtimeClasspath,testCompileClasspath,testRuntimeClasspath
org.testcontainers:database-commons:1.21.4=testCompileClasspath,testRuntimeClasspath
org.testcontainers:jdbc:1.21.4=testCompileClasspath,testRuntimeClasspath
org.testcontainers:postgresql:1.21.4=testCompileClasspath,testRuntimeClasspath
org.testcontainers:testcontainers:1.21.4=testCompileClasspath,testRuntimeClasspath
org.threeten:threeten-extra:1.5.0=compileClasspath,provided,runtimeClasspath,testCompileClasspath,testRuntimeClasspath
org.tukaani:xz:1.9=compileClasspath,provided,runtimeClasspath,testCompileClasspath,testRuntimeClasspath
org.xerial.snappy:snappy-java:1.1.10.7=compileClasspath,provided,runtimeClasspath,testCompileClasspath,testRuntimeClasspath
org.xmlunit:xmlunit-core:2.8.0=testCompileClasspath,testRuntimeClasspath
org.xmlunit:xmlunit-placeholders:2.8.0=testCompileClasspath,testRuntimeClasspath
org.yaml:snakeyaml:2.3=runtimeClasspath,testCompileClasspath,testRuntimeClasspath
oro:oro:2.0.8=compileClasspath,provided,runtimeClasspath,testCompileClasspath,testRuntimeClasspath
software.amazon.awssdk:annotations:2.30.33=runtimeClasspath,testRuntimeClasspath
software.amazon.awssdk:apache-client:2.30.33=runtimeClasspath,testRuntimeClasspath
software.amazon.awssdk:arns:2.30.33=runtimeClasspath,testRuntimeClasspath
software.amazon.awssdk:auth:2.30.33=runtimeClasspath,testRuntimeClasspath
software.amazon.awssdk:aws-core:2.30.33=runtimeClasspath,testRuntimeClasspath
software.amazon.awssdk:aws-query-protocol:2.30.33=runtimeClasspath,testRuntimeClasspath
software.amazon.awssdk:aws-xml-protocol:2.30.33=runtimeClasspath,testRuntimeClasspath
software.amazon.awssdk:checksums-spi:2.30.33=runtimeClasspath,testRuntimeClasspath
software.amazon.awssdk:checksums:2.30.33=runtimeClasspath,testRuntimeClasspath
software.amazon.awssdk:crt-core:2.30.33=runtimeClasspath,testRuntimeClasspath
software.amazon.awssdk:endpoints-spi:2.30.33=runtimeClasspath,testRuntimeClasspath
software.amazon.awssdk:http-auth-aws-eventstream:2.30.33=runtimeClasspath,testRuntimeClasspath
software.amazon.awssdk:http-auth-aws:2.30.33=runtimeClasspath,testRuntimeClasspath
software.amazon.awssdk:http-auth-spi:2.30.33=runtimeClasspath,testRuntimeClasspath
software.amazon.awssdk:http-auth:2.30.33=runtimeClasspath,testRuntimeClasspath
software.amazon.awssdk:http-client-spi:2.30.33=runtimeClasspath,testRuntimeClasspath
software.amazon.awssdk:identity-spi:2.30.33=runtimeClasspath,testRuntimeClasspath
software.amazon.awssdk:json-utils:2.30.33=runtimeClasspath,testRuntimeClasspath
software.amazon.awssdk:metrics-spi:2.30.33=runtimeClasspath,testRuntimeClasspath
software.amazon.awssdk:netty-nio-client:2.30.33=runtimeClasspath,testRuntimeClasspath
software.amazon.awssdk:profiles:2.30.33=runtimeClasspath,testRuntimeClasspath
software.amazon.awssdk:protocol-core:2.30.33=runtimeClasspath,testRuntimeClasspath
software.amazon.awssdk:regions:2.30.33=runtimeClasspath,testRuntimeClasspath
software.amazon.awssdk:retries-spi:2.30.33=runtimeClasspath,testRuntimeClasspath
software.amazon.awssdk:retries:2.30.33=runtimeClasspath,testRuntimeClasspath
software.amazon.awssdk:s3:2.30.33=runtimeClasspath,testRuntimeClasspath
software.amazon.awssdk:sdk-core:2.30.33=runtimeClasspath,testRuntimeClasspath
software.amazon.awssdk:third-party-jackson-core:2.30.33=runtimeClasspath,testRuntimeClasspath
software.amazon.awssdk:utils:2.30.33=runtimeClasspath,testRuntimeClasspath
software.amazon.eventstream:eventstream:1.0.1=runtimeClasspath,testRuntimeClasspath
stax:stax-api:1.0.1=compileClasspath,provided,runtimeClasspath,testCompileClasspath,testRuntimeClasspath
empty=shadow,signatures
