# This is a Gradle generated file for dependency locking.
# Manual edits can break the build and are not advised.
# This file is expected to be part of source control.
antlr:antlr:2.7.7=compileClasspath,runtimeClasspath,testCompileClasspath,testRuntimeClasspath
ch.qos.logback:logback-classic:1.5.19=testCompileClasspath,testRuntimeClasspath
ch.qos.logback:logback-core:1.5.19=testCompileClasspath,testRuntimeClasspath
com.beust:jcommander:1.82=testCompileClasspath,testRuntimeClasspath
com.fasterxml.jackson.core:jackson-annotations:2.18.4=compileClasspath,runtimeClasspath,testCompileClasspath,testRuntimeClasspath
com.fasterxml.jackson.core:jackson-core:2.18.4=compileClasspath,runtimeClasspath,testCompileClasspath,testRuntimeClasspath
com.fasterxml.jackson.core:jackson-databind:2.18.4=compileClasspath,runtimeClasspath,testCompileClasspath,testRuntimeClasspath
com.fasterxml.jackson.dataformat:jackson-dataformat-smile:2.18.4=compileClasspath,runtimeClasspath,testCompileClasspath,testRuntimeClasspath
com.fasterxml.jackson.dataformat:jackson-dataformat-yaml:2.18.4=runtimeClasspath,testRuntimeClasspath
com.fasterxml.jackson:jackson-bom:2.18.4=compileClasspath,runtimeClasspath,testCompileClasspath,testRuntimeClasspath
com.github.ben-manes.caffeine:caffeine:2.7.0=compileClasspath,runtimeClasspath,testCompileClasspath,testRuntimeClasspath
com.github.docker-java:docker-java-api:3.4.2=compileClasspath,runtimeClasspath,testCompileClasspath,testRuntimeClasspath
com.github.docker-java:docker-java-transport-zerodep:3.4.2=compileClasspath,runtimeClasspath,testCompileClasspath,testRuntimeClasspath
com.github.docker-java:docker-java-transport:3.4.2=compileClasspath,runtimeClasspath,testCompileClasspath,testRuntimeClasspath
com.google.code.findbugs:jsr305:3.0.2=compileClasspath,runtimeClasspath,spotless865458226,testCompileClasspath,testRuntimeClasspath
com.google.errorprone:error_prone_annotations:2.21.1=runtimeClasspath,spotless865458226,testRuntimeClasspath
com.google.errorprone:error_prone_annotations:2.3.3=compileClasspath,testCompileClasspath
com.google.googlejavaformat:google-java-format:1.18.1=spotless865458226
com.google.guava:failureaccess:1.0.1=runtimeClasspath,spotless865458226,testRuntimeClasspath
com.google.guava:guava:32.1.3-jre=runtimeClasspath,spotless865458226,testRuntimeClasspath
com.google.guava:listenablefuture:9999.0-empty-to-avoid-conflict-with-guava=runtimeClasspath,spotless865458226,testRuntimeClasspath
com.h2database:h2:2.2.224=compileClasspath,runtimeClasspath,testCompileClasspath,testRuntimeClasspath
com.ibm.icu:icu4j:69.1=compileClasspath,runtimeClasspath,testCompileClasspath,testRuntimeClasspath
com.linkedin.pegasus:data:29.74.2=compileClasspath,runtimeClasspath,testCompileClasspath,testRuntimeClasspath
com.linkedin.pegasus:entity-stream:29.74.2=compileClasspath,runtimeClasspath,testCompileClasspath,testRuntimeClasspath
com.linkedin.pegasus:li-protobuf:29.74.2=compileClasspath,runtimeClasspath,testCompileClasspath,testRuntimeClasspath
com.linkedin.pegasus:pegasus-common:29.74.2=compileClasspath,runtimeClasspath,testCompileClasspath,testRuntimeClasspath
commons-codec:commons-codec:1.17.1=compileClasspath,runtimeClasspath,testCompileClasspath,testRuntimeClasspath
commons-io:commons-io:2.17.0=compileClasspath,runtimeClasspath,testCompileClasspath,testRuntimeClasspath
io.avaje:avaje-applog-slf4j:1.0=compileClasspath,runtimeClasspath,testCompileClasspath,testRuntimeClasspath
io.avaje:avaje-applog:1.0=compileClasspath,runtimeClasspath,testCompileClasspath,testRuntimeClasspath
io.avaje:avaje-config:3.12=compileClasspath,runtimeClasspath,testCompileClasspath,testRuntimeClasspath
io.avaje:avaje-lang:1.1=compileClasspath,runtimeClasspath,testCompileClasspath,testRuntimeClasspath
io.avaje:classpath-scanner-api:7.1=compileClasspath,runtimeClasspath,testCompileClasspath,testRuntimeClasspath
io.avaje:classpath-scanner:7.1=compileClasspath,runtimeClasspath,testCompileClasspath,testRuntimeClasspath
io.ebean:ebean-annotation:8.4=compileClasspath,runtimeClasspath,testCompileClasspath,testRuntimeClasspath
io.ebean:ebean-api:15.5.2=compileClasspath,runtimeClasspath,testCompileClasspath,testRuntimeClasspath
io.ebean:ebean-core-type:15.5.2=compileClasspath,runtimeClasspath,testCompileClasspath,testRuntimeClasspath
io.ebean:ebean-core:15.5.2=compileClasspath,runtimeClasspath,testCompileClasspath,testRuntimeClasspath
io.ebean:ebean-datasource-api:9.0=compileClasspath,runtimeClasspath,testCompileClasspath,testRuntimeClasspath
io.ebean:ebean-datasource:9.0=compileClasspath,runtimeClasspath,testCompileClasspath,testRuntimeClasspath
io.ebean:ebean-ddl-runner:2.3=compileClasspath,runtimeClasspath,testCompileClasspath,testRuntimeClasspath
io.ebean:ebean-jackson-jsonnode:14.0.0=compileClasspath,runtimeClasspath,testCompileClasspath,testRuntimeClasspath
io.ebean:ebean-jackson-mapper:15.5.2=compileClasspath,runtimeClasspath,testCompileClasspath,testRuntimeClasspath
io.ebean:ebean-joda-time:14.0.0=compileClasspath,runtimeClasspath,testCompileClasspath,testRuntimeClasspath
io.ebean:ebean-migration-auto:1.2=compileClasspath,runtimeClasspath,testCompileClasspath,testRuntimeClasspath
io.ebean:ebean-migration:14.2.0=compileClasspath,runtimeClasspath,testCompileClasspath,testRuntimeClasspath
io.ebean:ebean-platform-all:15.5.2=compileClasspath,runtimeClasspath,testCompileClasspath,testRuntimeClasspath
io.ebean:ebean-platform-clickhouse:15.5.2=compileClasspath,runtimeClasspath,testCompileClasspath,testRuntimeClasspath
io.ebean:ebean-platform-db2:15.5.2=compileClasspath,runtimeClasspath,testCompileClasspath,testRuntimeClasspath
io.ebean:ebean-platform-h2:15.5.2=compileClasspath,runtimeClasspath,testCompileClasspath,testRuntimeClasspath
io.ebean:ebean-platform-hana:15.5.2=compileClasspath,runtimeClasspath,testCompileClasspath,testRuntimeClasspath
io.ebean:ebean-platform-hsqldb:15.5.2=compileClasspath,runtimeClasspath,testCompileClasspath,testRuntimeClasspath
io.ebean:ebean-platform-mariadb:15.5.2=compileClasspath,runtimeClasspath,testCompileClasspath,testRuntimeClasspath
io.ebean:ebean-platform-mysql:15.5.2=compileClasspath,runtimeClasspath,testCompileClasspath,testRuntimeClasspath
io.ebean:ebean-platform-nuodb:15.5.2=compileClasspath,runtimeClasspath,testCompileClasspath,testRuntimeClasspath
io.ebean:ebean-platform-oracle:15.5.2=compileClasspath,runtimeClasspath,testCompileClasspath,testRuntimeClasspath
io.ebean:ebean-platform-postgres:15.5.2=compileClasspath,runtimeClasspath,testCompileClasspath,testRuntimeClasspath
io.ebean:ebean-platform-sqlanywhere:15.5.2=compileClasspath,runtimeClasspath,testCompileClasspath,testRuntimeClasspath
io.ebean:ebean-platform-sqlite:15.5.2=compileClasspath,runtimeClasspath,testCompileClasspath,testRuntimeClasspath
io.ebean:ebean-platform-sqlserver:15.5.2=compileClasspath,runtimeClasspath,testCompileClasspath,testRuntimeClasspath
io.ebean:ebean-querybean:15.5.2=compileClasspath,runtimeClasspath,testCompileClasspath,testRuntimeClasspath
io.ebean:ebean-types:3.0=compileClasspath,runtimeClasspath,testCompileClasspath,testRuntimeClasspath
io.ebean:ebean:15.5.2=compileClasspath,runtimeClasspath,testCompileClasspath,testRuntimeClasspath
io.ebean:jakarta-persistence-api:3.0=compileClasspath,runtimeClasspath,testCompileClasspath,testRuntimeClasspath
io.github.classgraph:classgraph:4.8.172=compileClasspath,runtimeClasspath,testCompileClasspath,testRuntimeClasspath
io.netty:netty-buffer:4.1.109.Final=compileClasspath,runtimeClasspath,testCompileClasspath,testRuntimeClasspath
io.netty:netty-codec:4.1.109.Final=compileClasspath,runtimeClasspath,testCompileClasspath,testRuntimeClasspath
io.netty:netty-common:4.1.109.Final=compileClasspath,runtimeClasspath,testCompileClasspath,testRuntimeClasspath
io.netty:netty-handler:4.1.109.Final=compileClasspath,runtimeClasspath,testCompileClasspath,testRuntimeClasspath
io.netty:netty-resolver:4.1.109.Final=compileClasspath,runtimeClasspath,testCompileClasspath,testRuntimeClasspath
io.netty:netty-tcnative-classes:2.0.65.Final=compileClasspath,runtimeClasspath,testCompileClasspath,testRuntimeClasspath
io.netty:netty-transport-native-unix-common:4.1.109.Final=compileClasspath,runtimeClasspath,testCompileClasspath,testRuntimeClasspath
io.netty:netty-transport:4.1.109.Final=compileClasspath,runtimeClasspath,testCompileClasspath,testRuntimeClasspath
io.projectreactor:reactor-core:3.6.5=compileClasspath,runtimeClasspath,testCompileClasspath,testRuntimeClasspath
jakarta.annotation:jakarta.annotation-api:3.0.0=compileClasspath,runtimeClasspath,testCompileClasspath,testRuntimeClasspath
jakarta.json:jakarta.json-api:2.1.3=compileClasspath,runtimeClasspath,testCompileClasspath,testRuntimeClasspath
javax.annotation:javax.annotation-api:1.3.2=compileClasspath,runtimeClasspath,testCompileClasspath,testRuntimeClasspath
joda-time:joda-time:2.11.1=compileClasspath,runtimeClasspath,testCompileClasspath,testRuntimeClasspath
junit:junit:4.13.2=compileClasspath,runtimeClasspath,testCompileClasspath,testRuntimeClasspath
net.bytebuddy:byte-buddy-agent:1.12.19=testCompileClasspath,testRuntimeClasspath
net.bytebuddy:byte-buddy:1.12.19=testCompileClasspath,testRuntimeClasspath
net.java.dev.jna:jna:5.13.0=compileClasspath,runtimeClasspath,testCompileClasspath,testRuntimeClasspath
org.abego.treelayout:org.abego.treelayout.core:1.0.3=compileClasspath,runtimeClasspath,testCompileClasspath,testRuntimeClasspath
org.antlr:ST4:4.3.1=compileClasspath,runtimeClasspath,testCompileClasspath,testRuntimeClasspath
org.antlr:antlr-runtime:3.5.2=compileClasspath,runtimeClasspath,testCompileClasspath,testRuntimeClasspath
org.antlr:antlr4-runtime:4.9.3=compileClasspath,runtimeClasspath,testCompileClasspath,testRuntimeClasspath
org.antlr:antlr4:4.9.3=compileClasspath,runtimeClasspath,testCompileClasspath,testRuntimeClasspath
org.apache.commons:commons-compress:1.27.1=compileClasspath,runtimeClasspath,testCompileClasspath,testRuntimeClasspath
org.apache.commons:commons-lang3:3.18.0=compileClasspath,runtimeClasspath,testCompileClasspath,testRuntimeClasspath
org.apache.commons:commons-text:1.10.0=compileClasspath,runtimeClasspath,testCompileClasspath,testRuntimeClasspath
org.apache.maven:maven-artifact:3.8.1=compileClasspath,runtimeClasspath,testCompileClasspath,testRuntimeClasspath
org.checkerframework:checker-qual:2.6.0=compileClasspath,testCompileClasspath
org.checkerframework:checker-qual:3.37.0=runtimeClasspath,spotless865458226,testRuntimeClasspath
org.codehaus.plexus:plexus-utils:3.2.1=compileClasspath,runtimeClasspath,testCompileClasspath,testRuntimeClasspath
org.eclipse.parsson:parsson:1.1.6=runtimeClasspath,testRuntimeClasspath
org.hamcrest:hamcrest-core:1.3=compileClasspath,runtimeClasspath,testCompileClasspath,testRuntimeClasspath
org.javassist:javassist:3.26.0-GA=runtimeClasspath,testRuntimeClasspath
org.jetbrains:annotations:17.0.0=compileClasspath,runtimeClasspath,testCompileClasspath,testRuntimeClasspath
org.mockito:mockito-core:4.11.0=testCompileClasspath,testRuntimeClasspath
org.neo4j.driver:neo4j-java-driver:5.20.0=compileClasspath,runtimeClasspath,testCompileClasspath,testRuntimeClasspath
org.objenesis:objenesis:3.3=testRuntimeClasspath
org.reactivestreams:reactive-streams:1.0.4=compileClasspath,runtimeClasspath,testCompileClasspath,testRuntimeClasspath
org.reflections:reflections:0.9.12=runtimeClasspath,testRuntimeClasspath
org.rnorth.duct-tape:duct-tape:1.0.8=compileClasspath,runtimeClasspath,testCompileClasspath,testRuntimeClasspath
org.slf4j:slf4j-api:1.7.36=compileClasspath,runtimeClasspath
org.slf4j:slf4j-api:2.0.17=testCompileClasspath,testRuntimeClasspath
org.testcontainers:neo4j:1.21.1=compileClasspath,runtimeClasspath,testCompileClasspath,testRuntimeClasspath
org.testcontainers:testcontainers:1.21.1=compileClasspath,runtimeClasspath,testCompileClasspath,testRuntimeClasspath
org.testng:testng:7.8.0=testCompileClasspath,testRuntimeClasspath
org.webjars:jquery:3.6.1=testRuntimeClasspath
org.yaml:snakeyaml:2.3=runtimeClasspath,testRuntimeClasspath
empty=annotationProcessor,testAnnotationProcessor
